// !$*UTF8*$!
{
	archiveVersion = 1;
	classes = {
	};
	objectVersion = 50;
	objects = {

/* Begin PBXBuildFile section */
		AD6AE3494BE55D85564234C9 /* libPods-CardIssuanceSample.a in Frameworks */ = {isa = PBXBuildFile; fileRef = FE1DE573FD9847A1ABA53EC5 /* libPods-CardIssuanceSample.a */; };
		F1A10AB4270D817C00AC88C9 /* AppDelegate.swift in Sources */ = {isa = PBXBuildFile; fileRef = F1A10AB3270D817C00AC88C9 /* AppDelegate.swift */; };
		F1A10AB6270D817C00AC88C9 /* SceneDelegate.swift in Sources */ = {isa = PBXBuildFile; fileRef = F1A10AB5270D817C00AC88C9 /* SceneDelegate.swift */; };
		F1A10AB8270D817C00AC88C9 /* ViewController.swift in Sources */ = {isa = PBXBuildFile; fileRef = F1A10AB7270D817C00AC88C9 /* ViewController.swift */; };
		F1A10ABB270D817C00AC88C9 /* Main.storyboard in Resources */ = {isa = PBXBuildFile; fileRef = F1A10AB9270D817C00AC88C9 /* Main.storyboard */; };
		F1A10ABD270D818300AC88C9 /* Assets.xcassets in Resources */ = {isa = PBXBuildFile; fileRef = F1A10ABC270D818300AC88C9 /* Assets.xcassets */; };
		F1A10AC0270D818300AC88C9 /* LaunchScreen.storyboard in Resources */ = {isa = PBXBuildFile; fileRef = F1A10ABE270D818300AC88C9 /* LaunchScreen.storyboard */; };
		F1A10ACF270D848F00AC88C9 /* ExampleTokenProvider.swift in Sources */ = {isa = PBXBuildFile; fileRef = F1A10ACD270D848E00AC88C9 /* ExampleTokenProvider.swift */; };
		F1A10AD0270D848F00AC88C9 /* ExampleAPICallback.swift in Sources */ = {isa = PBXBuildFile; fileRef = F1A10ACE270D848E00AC88C9 /* ExampleAPICallback.swift */; };
/* End PBXBuildFile section */

/* Begin PBXFileReference section */
		5CCD258A290B273AF6B719DC /* Pods-CardIssuanceSample.debug.xcconfig */ = {isa = PBXFileReference; includeInIndex = 1; lastKnownFileType = text.xcconfig; name = "Pods-CardIssuanceSample.debug.xcconfig"; path = "Target Support Files/Pods-CardIssuanceSample/Pods-CardIssuanceSample.debug.xcconfig"; sourceTree = "<group>"; };
		ABBB8F253170B34D9D379314 /* Pods-CardIssuanceSample.release.xcconfig */ = {isa = PBXFileReference; includeInIndex = 1; lastKnownFileType = text.xcconfig; name = "Pods-CardIssuanceSample.release.xcconfig"; path = "Target Support Files/Pods-CardIssuanceSample/Pods-CardIssuanceSample.release.xcconfig"; sourceTree = "<group>"; };
		F1A10AB0270D817C00AC88C9 /* CardIssuanceSample.app */ = {isa = PBXFileReference; explicitFileType = wrapper.application; includeInIndex = 0; path = CardIssuanceSample.app; sourceTree = BUILT_PRODUCTS_DIR; };
		F1A10AB3270D817C00AC88C9 /* AppDelegate.swift */ = {isa = PBXFileReference; lastKnownFileType = sourcecode.swift; path = AppDelegate.swift; sourceTree = "<group>"; };
		F1A10AB5270D817C00AC88C9 /* SceneDelegate.swift */ = {isa = PBXFileReference; lastKnownFileType = sourcecode.swift; path = SceneDelegate.swift; sourceTree = "<group>"; };
		F1A10AB7270D817C00AC88C9 /* ViewController.swift */ = {isa = PBXFileReference; lastKnownFileType = sourcecode.swift; path = ViewController.swift; sourceTree = "<group>"; };
		F1A10ABA270D817C00AC88C9 /* Base */ = {isa = PBXFileReference; lastKnownFileType = file.storyboard; name = Base; path = Base.lproj/Main.storyboard; sourceTree = "<group>"; };
		F1A10ABC270D818300AC88C9 /* Assets.xcassets */ = {isa = PBXFileReference; lastKnownFileType = folder.assetcatalog; path = Assets.xcassets; sourceTree = "<group>"; };
		F1A10ABF270D818300AC88C9 /* Base */ = {isa = PBXFileReference; lastKnownFileType = file.storyboard; name = Base; path = Base.lproj/LaunchScreen.storyboard; sourceTree = "<group>"; };
		F1A10AC1270D818300AC88C9 /* Info.plist */ = {isa = PBXFileReference; lastKnownFileType = text.plist.xml; path = Info.plist; sourceTree = "<group>"; };
		F1A10ACD270D848E00AC88C9 /* ExampleTokenProvider.swift */ = {isa = PBXFileReference; fileEncoding = 4; lastKnownFileType = sourcecode.swift; path = ExampleTokenProvider.swift; sourceTree = "<group>"; };
		F1A10ACE270D848E00AC88C9 /* ExampleAPICallback.swift */ = {isa = PBXFileReference; fileEncoding = 4; lastKnownFileType = sourcecode.swift; path = ExampleAPICallback.swift; sourceTree = "<group>"; };
		FE1DE573FD9847A1ABA53EC5 /* libPods-CardIssuanceSample.a */ = {isa = PBXFileReference; explicitFileType = archive.ar; includeInIndex = 0; path = "libPods-CardIssuanceSample.a"; sourceTree = BUILT_PRODUCTS_DIR; };
/* End PBXFileReference section */

/* Begin PBXFrameworksBuildPhase section */
		F1A10AAD270D817C00AC88C9 /* Frameworks */ = {
			isa = PBXFrameworksBuildPhase;
			buildActionMask = 2147483647;
			files = (
				AD6AE3494BE55D85564234C9 /* libPods-CardIssuanceSample.a in Frameworks */,
			);
			runOnlyForDeploymentPostprocessing = 0;
		};
/* End PBXFrameworksBuildPhase section */

/* Begin PBXGroup section */
		1553D715AD352A3CE002F08A /* Frameworks */ = {
			isa = PBXGroup;
			children = (
				FE1DE573FD9847A1ABA53EC5 /* libPods-CardIssuanceSample.a */,
			);
			name = Frameworks;
			sourceTree = "<group>";
		};
		B92FCCF73D2818907CB4EA8F /* Pods */ = {
			isa = PBXGroup;
			children = (
				5CCD258A290B273AF6B719DC /* Pods-CardIssuanceSample.debug.xcconfig */,
				ABBB8F253170B34D9D379314 /* Pods-CardIssuanceSample.release.xcconfig */,
			);
			path = Pods;
			sourceTree = "<group>";
		};
		F1A10AA7270D817C00AC88C9 = {
			isa = PBXGroup;
			children = (
				F1A10AB2270D817C00AC88C9 /* CardIssuanceSample */,
				F1A10AB1270D817C00AC88C9 /* Products */,
				B92FCCF73D2818907CB4EA8F /* Pods */,
				1553D715AD352A3CE002F08A /* Frameworks */,
			);
			sourceTree = "<group>";
		};
		F1A10AB1270D817C00AC88C9 /* Products */ = {
			isa = PBXGroup;
			children = (
				F1A10AB0270D817C00AC88C9 /* CardIssuanceSample.app */,
			);
			name = Products;
			sourceTree = "<group>";
		};
		F1A10AB2270D817C00AC88C9 /* CardIssuanceSample */ = {
			isa = PBXGroup;
			children = (
				F1A10ACE270D848E00AC88C9 /* ExampleAPICallback.swift */,
				F1A10ACD270D848E00AC88C9 /* ExampleTokenProvider.swift */,
				F1A10AB3270D817C00AC88C9 /* AppDelegate.swift */,
				F1A10AB5270D817C00AC88C9 /* SceneDelegate.swift */,
				F1A10AB7270D817C00AC88C9 /* ViewController.swift */,
				F1A10AB9270D817C00AC88C9 /* Main.storyboard */,
				F1A10ABC270D818300AC88C9 /* Assets.xcassets */,
				F1A10ABE270D818300AC88C9 /* LaunchScreen.storyboard */,
				F1A10AC1270D818300AC88C9 /* Info.plist */,
			);
			path = CardIssuanceSample;
			sourceTree = "<group>";
		};
/* End PBXGroup section */

/* Begin PBXNativeTarget section */
		F1A10AAF270D817C00AC88C9 /* CardIssuanceSample */ = {
			isa = PBXNativeTarget;
			buildConfigurationList = F1A10AC4270D818300AC88C9 /* Build configuration list for PBXNativeTarget "CardIssuanceSample" */;
			buildPhases = (
				9943609385BA342049B8D6E9 /* [CP] Check Pods Manifest.lock */,
				F1A10AAC270D817C00AC88C9 /* Sources */,
				F1A10AAD270D817C00AC88C9 /* Frameworks */,
				F1A10AAE270D817C00AC88C9 /* Resources */,
			);
			buildRules = (
			);
			dependencies = (
			);
			name = CardIssuanceSample;
			productName = CardIssuanceSample;
			productReference = F1A10AB0270D817C00AC88C9 /* CardIssuanceSample.app */;
			productType = "com.apple.product-type.application";
		};
/* End PBXNativeTarget section */

/* Begin PBXProject section */
		F1A10AA8270D817C00AC88C9 /* Project object */ = {
			isa = PBXProject;
			attributes = {
				LastSwiftUpdateCheck = 1200;
				LastUpgradeCheck = 1200;
				TargetAttributes = {
					F1A10AAF270D817C00AC88C9 = {
						CreatedOnToolsVersion = 12.0.1;
					};
				};
			};
			buildConfigurationList = F1A10AAB270D817C00AC88C9 /* Build configuration list for PBXProject "CardIssuanceSample" */;
			compatibilityVersion = "Xcode 9.3";
			developmentRegion = en;
			hasScannedForEncodings = 0;
			knownRegions = (
				en,
				Base,
			);
			mainGroup = F1A10AA7270D817C00AC88C9;
			productRefGroup = F1A10AB1270D817C00AC88C9 /* Products */;
			projectDirPath = "";
			projectRoot = "";
			targets = (
				F1A10AAF270D817C00AC88C9 /* CardIssuanceSample */,
			);
		};
/* End PBXProject section */

/* Begin PBXResourcesBuildPhase section */
		F1A10AAE270D817C00AC88C9 /* Resources */ = {
			isa = PBXResourcesBuildPhase;
			buildActionMask = 2147483647;
			files = (
				F1A10AC0270D818300AC88C9 /* LaunchScreen.storyboard in Resources */,
				F1A10ABD270D818300AC88C9 /* Assets.xcassets in Resources */,
				F1A10ABB270D817C00AC88C9 /* Main.storyboard in Resources */,
			);
			runOnlyForDeploymentPostprocessing = 0;
		};
/* End PBXResourcesBuildPhase section */

/* Begin PBXShellScriptBuildPhase section */
		9943609385BA342049B8D6E9 /* [CP] Check Pods Manifest.lock */ = {
			isa = PBXShellScriptBuildPhase;
			buildActionMask = 2147483647;
			files = (
			);
			inputFileListPaths = (
			);
			inputPaths = (
				"${PODS_PODFILE_DIR_PATH}/Podfile.lock",
				"${PODS_ROOT}/Manifest.lock",
			);
			name = "[CP] Check Pods Manifest.lock";
			outputFileListPaths = (
			);
			outputPaths = (
				"$(DERIVED_FILE_DIR)/Pods-CardIssuanceSample-checkManifestLockResult.txt",
			);
			runOnlyForDeploymentPostprocessing = 0;
			shellPath = /bin/sh;
			shellScript = "diff \"${PODS_PODFILE_DIR_PATH}/Podfile.lock\" \"${PODS_ROOT}/Manifest.lock\" > /dev/null\nif [ $? != 0 ] ; then\n    # print error to STDERR\n    echo \"error: The sandbox is not in sync with the Podfile.lock. Run 'pod install' or update your CocoaPods installation.\" >&2\n    exit 1\nfi\n# This output is used by Xcode 'outputs' to avoid re-running this script phase.\necho \"SUCCESS\" > \"${SCRIPT_OUTPUT_FILE_0}\"\n";
			showEnvVarsInLog = 0;
		};
/* End PBXShellScriptBuildPhase section */

/* Begin PBXSourcesBuildPhase section */
		F1A10AAC270D817C00AC88C9 /* Sources */ = {
			isa = PBXSourcesBuildPhase;
			buildActionMask = 2147483647;
			files = (
				F1A10AB8270D817C00AC88C9 /* ViewController.swift in Sources */,
				F1A10ACF270D848F00AC88C9 /* ExampleTokenProvider.swift in Sources */,
				F1A10AB4270D817C00AC88C9 /* AppDelegate.swift in Sources */,
				F1A10AB6270D817C00AC88C9 /* SceneDelegate.swift in Sources */,
				F1A10AD0270D848F00AC88C9 /* ExampleAPICallback.swift in Sources */,
			);
			runOnlyForDeploymentPostprocessing = 0;
		};
/* End PBXSourcesBuildPhase section */

/* Begin PBXVariantGroup section */
		F1A10AB9270D817C00AC88C9 /* Main.storyboard */ = {
			isa = PBXVariantGroup;
			children = (
				F1A10ABA270D817C00AC88C9 /* Base */,
			);
			name = Main.storyboard;
			sourceTree = "<group>";
		};
		F1A10ABE270D818300AC88C9 /* LaunchScreen.storyboard */ = {
			isa = PBXVariantGroup;
			children = (
				F1A10ABF270D818300AC88C9 /* Base */,
			);
			name = LaunchScreen.storyboard;
			sourceTree = "<group>";
		};
/* End PBXVariantGroup section */

/* Begin XCBuildConfiguration section */
		F1A10AC2270D818300AC88C9 /* Debug */ = {
			isa = XCBuildConfiguration;
			buildSettings = {
				ALWAYS_SEARCH_USER_PATHS = NO;
				CLANG_ANALYZER_NONNULL = YES;
				CLANG_ANALYZER_NUMBER_OBJECT_CONVERSION = YES_AGGRESSIVE;
				CLANG_CXX_LANGUAGE_STANDARD = "gnu++14";
				CLANG_CXX_LIBRARY = "libc++";
				CLANG_ENABLE_MODULES = YES;
				CLANG_ENABLE_OBJC_ARC = YES;
				CLANG_ENABLE_OBJC_WEAK = YES;
				CLANG_WARN_BLOCK_CAPTURE_AUTORELEASING = YES;
				CLANG_WARN_BOOL_CONVERSION = YES;
				CLANG_WARN_COMMA = YES;
				CLANG_WARN_CONSTANT_CONVERSION = YES;
				CLANG_WARN_DEPRECATED_OBJC_IMPLEMENTATIONS = YES;
				CLANG_WARN_DIRECT_OBJC_ISA_USAGE = YES_ERROR;
				CLANG_WARN_DOCUMENTATION_COMMENTS = YES;
				CLANG_WARN_EMPTY_BODY = YES;
				CLANG_WARN_ENUM_CONVERSION = YES;
				CLANG_WARN_INFINITE_RECURSION = YES;
				CLANG_WARN_INT_CONVERSION = YES;
				CLANG_WARN_NON_LITERAL_NULL_CONVERSION = YES;
				CLANG_WARN_OBJC_IMPLICIT_RETAIN_SELF = YES;
				CLANG_WARN_OBJC_LITERAL_CONVERSION = YES;
				CLANG_WARN_OBJC_ROOT_CLASS = YES_ERROR;
				CLANG_WARN_QUOTED_INCLUDE_IN_FRAMEWORK_HEADER = YES;
				CLANG_WARN_RANGE_LOOP_ANALYSIS = YES;
				CLANG_WARN_STRICT_PROTOTYPES = YES;
				CLANG_WARN_SUSPICIOUS_MOVE = YES;
				CLANG_WARN_UNGUARDED_AVAILABILITY = YES_AGGRESSIVE;
				CLANG_WARN_UNREACHABLE_CODE = YES;
				CLANG_WARN__DUPLICATE_METHOD_MATCH = YES;
				COPY_PHASE_STRIP = NO;
				DEBUG_INFORMATION_FORMAT = dwarf;
				ENABLE_STRICT_OBJC_MSGSEND = YES;
				ENABLE_TESTABILITY = YES;
				GCC_C_LANGUAGE_STANDARD = gnu11;
				GCC_DYNAMIC_NO_PIC = NO;
				GCC_NO_COMMON_BLOCKS = YES;
				GCC_OPTIMIZATION_LEVEL = 0;
				GCC_PREPROCESSOR_DEFINITIONS = (
					"DEBUG=1",
					"$(inherited)",
				);
				GCC_WARN_64_TO_32_BIT_CONVERSION = YES;
				GCC_WARN_ABOUT_RETURN_TYPE = YES_ERROR;
				GCC_WARN_UNDECLARED_SELECTOR = YES;
				GCC_WARN_UNINITIALIZED_AUTOS = YES_AGGRESSIVE;
				GCC_WARN_UNUSED_FUNCTION = YES;
				GCC_WARN_UNUSED_VARIABLE = YES;
				IPHONEOS_DEPLOYMENT_TARGET = 14.0;
				MTL_ENABLE_DEBUG_INFO = INCLUDE_SOURCE;
				MTL_FAST_MATH = YES;
				ONLY_ACTIVE_ARCH = YES;
				SDKROOT = iphoneos;
				SWIFT_ACTIVE_COMPILATION_CONDITIONS = DEBUG;
				SWIFT_OPTIMIZATION_LEVEL = "-Onone";
			};
			name = Debug;
		};
		F1A10AC3270D818300AC88C9 /* Release */ = {
			isa = XCBuildConfiguration;
			buildSettings = {
				ALWAYS_SEARCH_USER_PATHS = NO;
				CLANG_ANALYZER_NONNULL = YES;
				CLANG_ANALYZER_NUMBER_OBJECT_CONVERSION = YES_AGGRESSIVE;
				CLANG_CXX_LANGUAGE_STANDARD = "gnu++14";
				CLANG_CXX_LIBRARY = "libc++";
				CLANG_ENABLE_MODULES = YES;
				CLANG_ENABLE_OBJC_ARC = YES;
				CLANG_ENABLE_OBJC_WEAK = YES;
				CLANG_WARN_BLOCK_CAPTURE_AUTORELEASING = YES;
				CLANG_WARN_BOOL_CONVERSION = YES;
				CLANG_WARN_COMMA = YES;
				CLANG_WARN_CONSTANT_CONVERSION = YES;
				CLANG_WARN_DEPRECATED_OBJC_IMPLEMENTATIONS = YES;
				CLANG_WARN_DIRECT_OBJC_ISA_USAGE = YES_ERROR;
				CLANG_WARN_DOCUMENTATION_COMMENTS = YES;
				CLANG_WARN_EMPTY_BODY = YES;
				CLANG_WARN_ENUM_CONVERSION = YES;
				CLANG_WARN_INFINITE_RECURSION = YES;
				CLANG_WARN_INT_CONVERSION = YES;
				CLANG_WARN_NON_LITERAL_NULL_CONVERSION = YES;
				CLANG_WARN_OBJC_IMPLICIT_RETAIN_SELF = YES;
				CLANG_WARN_OBJC_LITERAL_CONVERSION = YES;
				CLANG_WARN_OBJC_ROOT_CLASS = YES_ERROR;
				CLANG_WARN_QUOTED_INCLUDE_IN_FRAMEWORK_HEADER = YES;
				CLANG_WARN_RANGE_LOOP_ANALYSIS = YES;
				CLANG_WARN_STRICT_PROTOTYPES = YES;
				CLANG_WARN_SUSPICIOUS_MOVE = YES;
				CLANG_WARN_UNGUARDED_AVAILABILITY = YES_AGGRESSIVE;
				CLANG_WARN_UNREACHABLE_CODE = YES;
				CLANG_WARN__DUPLICATE_METHOD_MATCH = YES;
				COPY_PHASE_STRIP = NO;
				DEBUG_INFORMATION_FORMAT = "dwarf-with-dsym";
				ENABLE_NS_ASSERTIONS = NO;
				ENABLE_STRICT_OBJC_MSGSEND = YES;
				GCC_C_LANGUAGE_STANDARD = gnu11;
				GCC_NO_COMMON_BLOCKS = YES;
				GCC_WARN_64_TO_32_BIT_CONVERSION = YES;
				GCC_WARN_ABOUT_RETURN_TYPE = YES_ERROR;
				GCC_WARN_UNDECLARED_SELECTOR = YES;
				GCC_WARN_UNINITIALIZED_AUTOS = YES_AGGRESSIVE;
				GCC_WARN_UNUSED_FUNCTION = YES;
				GCC_WARN_UNUSED_VARIABLE = YES;
				IPHONEOS_DEPLOYMENT_TARGET = 14.0;
				MTL_ENABLE_DEBUG_INFO = NO;
				MTL_FAST_MATH = YES;
				SDKROOT = iphoneos;
				SWIFT_COMPILATION_MODE = wholemodule;
				SWIFT_OPTIMIZATION_LEVEL = "-O";
				VALIDATE_PRODUCT = YES;
			};
			name = Release;
		};
		F1A10AC5270D818300AC88C9 /* Debug */ = {
			isa = XCBuildConfiguration;
			baseConfigurationReference = 5CCD258A290B273AF6B719DC /* Pods-CardIssuanceSample.debug.xcconfig */;
			buildSettings = {
				ASSETCATALOG_COMPILER_APPICON_NAME = AppIcon;
				ASSETCATALOG_COMPILER_GLOBAL_ACCENT_COLOR_NAME = AccentColor;
				CODE_SIGN_STYLE = Automatic;
				INFOPLIST_FILE = CardIssuanceSample/Info.plist;
				LD_RUNPATH_SEARCH_PATHS = (
					"$(inherited)",
					"@executable_path/Frameworks",
				);
				PRODUCT_BUNDLE_IDENTIFIER = com.skyflow.CardIssuanceSample;
				PRODUCT_NAME = "$(TARGET_NAME)";
				SWIFT_VERSION = 5.0;
				TARGETED_DEVICE_FAMILY = "1,2";
			};
			name = Debug;
		};
		F1A10AC6270D818300AC88C9 /* Release */ = {
			isa = XCBuildConfiguration;
			baseConfigurationReference = ABBB8F253170B34D9D379314 /* Pods-CardIssuanceSample.release.xcconfig */;
			buildSettings = {
				ASSETCATALOG_COMPILER_APPICON_NAME = AppIcon;
				ASSETCATALOG_COMPILER_GLOBAL_ACCENT_COLOR_NAME = AccentColor;
				CODE_SIGN_STYLE = Automatic;
				INFOPLIST_FILE = CardIssuanceSample/Info.plist;
				LD_RUNPATH_SEARCH_PATHS = (
					"$(inherited)",
					"@executable_path/Frameworks",
				);
				PRODUCT_BUNDLE_IDENTIFIER = com.skyflow.CardIssuanceSample;
				PRODUCT_NAME = "$(TARGET_NAME)";
				SWIFT_VERSION = 5.0;
				TARGETED_DEVICE_FAMILY = "1,2";
			};
			name = Release;
		};
/* End XCBuildConfiguration section */

/* Begin XCConfigurationList section */
		F1A10AAB270D817C00AC88C9 /* Build configuration list for PBXProject "CardIssuanceSample" */ = {
			isa = XCConfigurationList;
			buildConfigurations = (
				F1A10AC2270D818300AC88C9 /* Debug */,
				F1A10AC3270D818300AC88C9 /* Release */,
			);
			defaultConfigurationIsVisible = 0;
			defaultConfigurationName = Release;
		};
		F1A10AC4270D818300AC88C9 /* Build configuration list for PBXNativeTarget "CardIssuanceSample" */ = {
			isa = XCConfigurationList;
			buildConfigurations = (
				F1A10AC5270D818300AC88C9 /* Debug */,
				F1A10AC6270D818300AC88C9 /* Release */,
			);
			defaultConfigurationIsVisible = 0;
			defaultConfigurationName = Release;
		};
/* End XCConfigurationList section */
	};
	rootObject = F1A10AA8270D817C00AC88C9 /* Project object */;
}
