PODS:
  - SkyflowFlowVault (1.26.0-beta.1-dev.275871f)

DEPENDENCIES:
  - SkyflowFlowVault (from `https://github.com/skyflowapi/skyflow-iOS.git`, branch `release/26.8.2`)

EXTERNAL SOURCES:
  SkyflowFlowVault:
    :branch: release/26.8.2
    :git: https://github.com/skyflowapi/skyflow-iOS.git

CHECKOUT OPTIONS:
  SkyflowFlowVault:
    :commit: b34a78eb5e579e1f51053c9b576cd552eec21081
    :git: https://github.com/skyflowapi/skyflow-iOS.git

SPEC CHECKSUMS:
  SkyflowFlowVault: 02bb18cd262fa479ae89c8400eb64bcd01dc83ea

PODFILE CHECKSUM: 093a14718dd01123d710aba203aa16c3e9655cc2

COCOAPODS: 1.16.2
