<?xml version="1.0" encoding="UTF-8"?>
<Scheme
   LastUpgradeVersion = "1250"
   version = "1.7">
   <BuildAction
      parallelizeBuildables = "YES"
      buildImplicitDependencies = "YES">
      <BuildActionEntries>
         <BuildActionEntry
            buildForTesting = "YES"
            buildForRunning = "YES"
            buildForProfiling = "YES"
            buildForArchiving = "YES"
            buildForAnalyzing = "YES">
            <BuildableReference
               BuildableIdentifier = "primary"
               BlueprintIdentifier = "Skyflow"
               BuildableName = "Skyflow"
               BlueprintName = "Skyflow"
               ReferencedContainer = "container:">
            </BuildableReference>
         </BuildActionEntry>
         <BuildActionEntry
            buildForTesting = "YES"
            buildForRunning = "NO"
            buildForProfiling = "NO"
            buildForArchiving = "NO"
            buildForAnalyzing = "YES">
            <BuildableReference
               BuildableIdentifier = "primary"
               BlueprintIdentifier = "skyflow-iOS-collectTests"
               BuildableName = "skyflow-iOS-collectTests"
               BlueprintName = "skyflow-iOS-collectTests"
               ReferencedContainer = "container:">
            </BuildableReference>
         </BuildActionEntry>
         <BuildActionEntry
            buildForTesting = "YES"
            buildForRunning = "NO"
            buildForProfiling = "NO"
            buildForArchiving = "NO"
            buildForAnalyzing = "NO">
            <BuildableReference
               BuildableIdentifier = "primary"
               BlueprintIdentifier = "skyflow-iOS-gatewayTests"
               BuildableName = "skyflow-iOS-gatewayTests"
               BlueprintName = "skyflow-iOS-gatewayTests"
               ReferencedContainer = "container:">
            </BuildableReference>
         </BuildActionEntry>
         <BuildActionEntry
            buildForTesting = "YES"
            buildForRunning = "NO"
            buildForProfiling = "NO"
            buildForArchiving = "NO"
            buildForAnalyzing = "NO">
            <BuildableReference
               BuildableIdentifier = "primary"
               BlueprintIdentifier = "skyflow-iOS-revealTests"
               BuildableName = "skyflow-iOS-revealTests"
               BlueprintName = "skyflow-iOS-revealTests"
               ReferencedContainer = "container:">
            </BuildableReference>
         </BuildActionEntry>
         <BuildActionEntry
            buildForTesting = "YES"
            buildForRunning = "NO"
            buildForProfiling = "NO"
            buildForArchiving = "NO"
            buildForAnalyzing = "NO">
            <BuildableReference
               BuildableIdentifier = "primary"
               BlueprintIdentifier = "skyflow-iOS-errorTests"
               BuildableName = "skyflow-iOS-errorTests"
               BlueprintName = "skyflow-iOS-errorTests"
               ReferencedContainer = "container:">
            </BuildableReference>
         </BuildActionEntry>
         <BuildActionEntry
            buildForTesting = "YES"
            buildForRunning = "NO"
            buildForProfiling = "NO"
            buildForArchiving = "NO"
            buildForAnalyzing = "NO">
            <BuildableReference
               BuildableIdentifier = "primary"
               BlueprintIdentifier = "skyflow-iOS-getByIdTests"
               BuildableName = "skyflow-iOS-getByIdTests"
               BlueprintName = "skyflow-iOS-getByIdTests"
               ReferencedContainer = "container:">
            </BuildableReference>
         </BuildActionEntry>
         <BuildActionEntry
            buildForTesting = "YES"
            buildForRunning = "NO"
            buildForProfiling = "NO"
            buildForArchiving = "NO"
            buildForAnalyzing = "NO">
            <BuildableReference
               BuildableIdentifier = "primary"
               BlueprintIdentifier = "skyflow-iOS-elementTests"
               BuildableName = "skyflow-iOS-elementTests"
               BlueprintName = "skyflow-iOS-elementTests"
               ReferencedContainer = "container:">
            </BuildableReference>
         </BuildActionEntry>
      </BuildActionEntries>
   </BuildAction>
   <TestAction
      buildConfiguration = "Debug"
      selectedDebuggerIdentifier = "Xcode.DebuggerFoundation.Debugger.LLDB"
      selectedLauncherIdentifier = "Xcode.DebuggerFoundation.Launcher.LLDB"
      shouldUseLaunchSchemeArgsEnv = "YES"
      enableThreadSanitizer = "YES"
      codeCoverageEnabled = "YES">
      <Testables>
         <TestableReference
            skipped = "NO">
            <BuildableReference
               BuildableIdentifier = "primary"
               BlueprintIdentifier = "skyflow-iOS-collectTests"
               BuildableName = "skyflow-iOS-collectTests"
               BlueprintName = "skyflow-iOS-collectTests"
               ReferencedContainer = "container:">
            </BuildableReference>
         </TestableReference>
         <TestableReference
            skipped = "NO">
            <BuildableReference
               BuildableIdentifier = "primary"
               BlueprintIdentifier = "skyflow-iOS-gatewayTests"
               BuildableName = "skyflow-iOS-gatewayTests"
               BlueprintName = "skyflow-iOS-gatewayTests"
               ReferencedContainer = "container:">
            </BuildableReference>
            <SkippedTests>
               <Test
                  Identifier = "skyflow_iOS_collectTests">
               </Test>
            </SkippedTests>
         </TestableReference>
         <TestableReference
            skipped = "NO">
            <BuildableReference
               BuildableIdentifier = "primary"
               BlueprintIdentifier = "skyflow-iOS-revealTests"
               BuildableName = "skyflow-iOS-revealTests"
               BlueprintName = "skyflow-iOS-revealTests"
               ReferencedContainer = "container:">
            </BuildableReference>
         </TestableReference>
         <TestableReference
            skipped = "NO">
            <BuildableReference
               BuildableIdentifier = "primary"
               BlueprintIdentifier = "skyflow-iOS-errorTests"
               BuildableName = "skyflow-iOS-errorTests"
               BlueprintName = "skyflow-iOS-errorTests"
               ReferencedContainer = "container:">
            </BuildableReference>
         </TestableReference>
         <TestableReference
            skipped = "NO">
            <BuildableReference
               BuildableIdentifier = "primary"
               BlueprintIdentifier = "skyflow-iOS-getByIdTests"
               BuildableName = "skyflow-iOS-getByIdTests"
               BlueprintName = "skyflow-iOS-getByIdTests"
               ReferencedContainer = "container:">
            </BuildableReference>
         </TestableReference>
         <TestableReference
            skipped = "NO">
            <BuildableReference
               BuildableIdentifier = "primary"
               BlueprintIdentifier = "skyflow-iOS-elementTests"
               BuildableName = "skyflow-iOS-elementTests"
               BlueprintName = "skyflow-iOS-elementTests"
               ReferencedContainer = "container:">
            </BuildableReference>
         </TestableReference>
         <TestableReference
            skipped = "NO">
            <BuildableReference
               BuildableIdentifier = "primary"
               BlueprintIdentifier = "skyflow-iOS-connectionTests"
               BuildableName = "skyflow-iOS-connectionTests"
               BlueprintName = "skyflow-iOS-connectionTests"
               ReferencedContainer = "container:">
            </BuildableReference>
         </TestableReference>
         <TestableReference
            skipped = "NO">
            <BuildableReference
               BuildableIdentifier = "primary"
               BlueprintIdentifier = "skyflow-iOS-soapConnectionTests"
               BuildableName = "skyflow-iOS-soapConnectionTests"
               BlueprintName = "skyflow-iOS-soapConnectionTests"
               ReferencedContainer = "container:">
            </BuildableReference>
         </TestableReference>
      </Testables>
   </TestAction>
   <LaunchAction
      buildConfiguration = "Debug"
      selectedDebuggerIdentifier = "Xcode.DebuggerFoundation.Debugger.LLDB"
      selectedLauncherIdentifier = "Xcode.DebuggerFoundation.Launcher.LLDB"
      launchStyle = "0"
      useCustomWorkingDirectory = "NO"
      ignoresPersistentStateOnLaunch = "NO"
      debugDocumentVersioning = "YES"
      debugServiceExtension = "internal"
      allowLocationSimulation = "YES">
      <MacroExpansion>
         <BuildableReference
            BuildableIdentifier = "primary"
            BlueprintIdentifier = "Skyflow"
            BuildableName = "Skyflow"
            BlueprintName = "Skyflow"
            ReferencedContainer = "container:">
         </BuildableReference>
      </MacroExpansion>
      <EnvironmentVariables>
         <EnvironmentVariable
            key = "PULL_FUNDS_INTEGRATION_ID"
            value = "$(PULL_FUNDS_INTEGRATION_ID)"
            isEnabled = "YES">
         </EnvironmentVariable>
         <EnvironmentVariable
            key = "PULL_FUNDS_INTEGRATION_CONNECTION_URL"
            value = "${PULL_FUNDS_INTEGRATION_CONNECTION_URL}"
            isEnabled = "YES">
         </EnvironmentVariable>
         <EnvironmentVariable
            key = "CAVV_TEST_TOKEN"
            value = "${CAVV_TEST_TOKEN}"
            isEnabled = "YES">
         </EnvironmentVariable>
         <EnvironmentVariable
            key = "VAULT_URL"
            value = "$(VAULT_URL)"
            isEnabled = "YES">
         </EnvironmentVariable>
         <EnvironmentVariable
            key = "TOKEN_ENDPOINT"
            value = "$(TOKEN_ENDPOINT)"
            isEnabled = "YES">
         </EnvironmentVariable>
         <EnvironmentVariable
            key = "CVV_INTEGRATION_PATH"
            value = "${CVV_INTEGRATION_PATH}"
            isEnabled = "YES">
         </EnvironmentVariable>
         <EnvironmentVariable
            key = "CVV_INTEGRATION_CONNECTION_URL"
            value = "${CVV_INTEGRATION_CONNECTION_URL}"
            isEnabled = "YES">
         </EnvironmentVariable>
         <EnvironmentVariable
            key = "CONNECTION_URL"
            value = "${CONNECTION_URL}"
            isEnabled = "YES">
         </EnvironmentVariable>
         <EnvironmentVariable
            key = "TEST_EXPIRATION_DATE_TOKEN"
            value = "${TEST_EXPIRATION_DATE_TOKEN}"
            isEnabled = "YES">
         </EnvironmentVariable>
         <EnvironmentVariable
            key = "TEST_CARD_NUMBER"
            value = "${TEST_CARD_NUMBER}"
            isEnabled = "YES">
         </EnvironmentVariable>
         <EnvironmentVariable
            key = "TEST_SKYFLOW_ID1"
            value = "${TEST_SKYFLOW_ID1}"
            isEnabled = "YES">
         </EnvironmentVariable>
         <EnvironmentVariable
            key = "TEST_SKYFLOW_ID2"
            value = "${TEST_SKYFLOW_ID2}"
            isEnabled = "YES">
         </EnvironmentVariable>
         <EnvironmentVariable
            key = "TEST_SKYFLOW_ID3"
            value = "${TEST_SKYFLOW_ID3}"
            isEnabled = "YES">
         </EnvironmentVariable>
         <EnvironmentVariable
            key = "TEST_SKYFLOW_ID4"
            value = "${TEST_SKYFLOW_ID4}"
            isEnabled = "YES">
         </EnvironmentVariable>
         <EnvironmentVariable
            key = "DETOKENIZE_TEST_TOKEN"
            value = "${DETOKENIZE_TEST_TOKEN}"
            isEnabled = "YES">
         </EnvironmentVariable>
         <EnvironmentVariable
            key = "DETOKENIZE_TEST_VALUE"
            value = "${DETOKENIZE_TEST_VALUE}"
            isEnabled = "YES">
         </EnvironmentVariable>
         <EnvironmentVariable
            key = "VISA_BASIC_AUTH"
            value = "$(VISA_BASIC_AUTH)"
            isEnabled = "YES">
         </EnvironmentVariable>
         <EnvironmentVariable
            key = "CVV_INTEGRATION_ID"
            value = "$(CVV_INTEGRATION_ID)"
            isEnabled = "YES">
         </EnvironmentVariable>
         <EnvironmentVariable
            key = "VAULT_ID"
            value = "$(VAULT_ID)"
            isEnabled = "YES">
         </EnvironmentVariable>
      </EnvironmentVariables>
      <LocationScenarioReference
         identifier = "com.apple.dt.IDEFoundation.CurrentLocationScenarioIdentifier"
         referenceType = "1">
      </LocationScenarioReference>
   </LaunchAction>
   <ProfileAction
      buildConfiguration = "Release"
      shouldUseLaunchSchemeArgsEnv = "YES"
      savedToolIdentifier = ""
      useCustomWorkingDirectory = "NO"
      debugDocumentVersioning = "YES">
      <MacroExpansion>
         <BuildableReference
            BuildableIdentifier = "primary"
            BlueprintIdentifier = "Skyflow"
            BuildableName = "Skyflow"
            BlueprintName = "Skyflow"
            ReferencedContainer = "container:">
         </BuildableReference>
      </MacroExpansion>
   </ProfileAction>
   <AnalyzeAction
      buildConfiguration = "Debug">
   </AnalyzeAction>
   <ArchiveAction
      buildConfiguration = "Release"
      revealArchiveInOrganizer = "YES">
   </ArchiveAction>
</Scheme>
