PODS:
  - AEXML (4.6.1)
  - Skyflow (1.18.0-beta.1):
    - AEXML

DEPENDENCIES:
  - Skyflow (= 1.18.0-beta.1)

SPEC REPOS:
  trunk:
    - AEXML
    - Skyflow

SPEC CHECKSUMS:
  AEXML: 1e255ecc6597212f97a7454a69ebd3ede64ac1cf
  Skyflow: d702f8e9beafba05e164a3f74a6f862596f41085

PODFILE CHECKSUM: 4958176a88d5d7c9eb37117625a3937f5da81019

COCOAPODS: 1.11.3
