// !$*UTF8*$!
{
	archiveVersion = 1;
	classes = {
	};
	objectVersion = 51;
	objects = {

/* Begin PBXBuildFile section */
		3F82649E26F1B7520007B4DF /* AppDelegate.swift in Sources */ = {isa = PBXBuildFile; fileRef = 3F82649D26F1B7520007B4DF /* AppDelegate.swift */; };
		3F8264A026F1B7520007B4DF /* SceneDelegate.swift in Sources */ = {isa = PBXBuildFile; fileRef = 3F82649F26F1B7520007B4DF /* SceneDelegate.swift */; };
		3F8264A226F1B7520007B4DF /* ViewController.swift in Sources */ = {isa = PBXBuildFile; fileRef = 3F8264A126F1B7520007B4DF /* ViewController.swift */; };
		3F8264A526F1B7520007B4DF /* Main.storyboard in Resources */ = {isa = PBXBuildFile; fileRef = 3F8264A326F1B7520007B4DF /* Main.storyboard */; };
		3F8264A726F1B7550007B4DF /* Assets.xcassets in Resources */ = {isa = PBXBuildFile; fileRef = 3F8264A626F1B7550007B4DF /* Assets.xcassets */; };
		3F8264AA26F1B7550007B4DF /* LaunchScreen.storyboard in Resources */ = {isa = PBXBuildFile; fileRef = 3F8264A826F1B7550007B4DF /* LaunchScreen.storyboard */; };
		3F8264B526F1B7560007B4DF /* ExampleTests.swift in Sources */ = {isa = PBXBuildFile; fileRef = 3F8264B426F1B7560007B4DF /* ExampleTests.swift */; };
		3F8264C026F1B7560007B4DF /* ExampleUITests.swift in Sources */ = {isa = PBXBuildFile; fileRef = 3F8264BF26F1B7560007B4DF /* ExampleUITests.swift */; };
		3FF5088926F1F5FE001F2145 /* ExampleAPICallback.swift in Sources */ = {isa = PBXBuildFile; fileRef = 3FF5088826F1F5FE001F2145 /* ExampleAPICallback.swift */; };
		3FF5088B26F1F649001F2145 /* ExampleTokenProvider.swift in Sources */ = {isa = PBXBuildFile; fileRef = 3FF5088A26F1F649001F2145 /* ExampleTokenProvider.swift */; };
		3FF5088F26F218CB001F2145 /* ResponseStructs.swift in Sources */ = {isa = PBXBuildFile; fileRef = 3FF5088E26F218CB001F2145 /* ResponseStructs.swift */; };
		E3E7857A248A9C91BF3720A4 /* Pods_Example.framework in Frameworks */ = {isa = PBXBuildFile; fileRef = 585F81AC924D0FD1BE04DB72 /* Pods_Example.framework */; };
/* End PBXBuildFile section */

/* Begin PBXContainerItemProxy section */
		3F8264B126F1B7560007B4DF /* PBXContainerItemProxy */ = {
			isa = PBXContainerItemProxy;
			containerPortal = 3F82649226F1B7520007B4DF /* Project object */;
			proxyType = 1;
			remoteGlobalIDString = 3F82649926F1B7520007B4DF;
			remoteInfo = Example;
		};
		3F8264BC26F1B7560007B4DF /* PBXContainerItemProxy */ = {
			isa = PBXContainerItemProxy;
			containerPortal = 3F82649226F1B7520007B4DF /* Project object */;
			proxyType = 1;
			remoteGlobalIDString = 3F82649926F1B7520007B4DF;
			remoteInfo = Example;
		};
/* End PBXContainerItemProxy section */

/* Begin PBXFileReference section */
		3F82649A26F1B7520007B4DF /* Example.app */ = {isa = PBXFileReference; explicitFileType = wrapper.application; includeInIndex = 0; path = Example.app; sourceTree = BUILT_PRODUCTS_DIR; };
		3F82649D26F1B7520007B4DF /* AppDelegate.swift */ = {isa = PBXFileReference; lastKnownFileType = sourcecode.swift; path = AppDelegate.swift; sourceTree = "<group>"; };
		3F82649F26F1B7520007B4DF /* SceneDelegate.swift */ = {isa = PBXFileReference; lastKnownFileType = sourcecode.swift; path = SceneDelegate.swift; sourceTree = "<group>"; };
		3F8264A126F1B7520007B4DF /* ViewController.swift */ = {isa = PBXFileReference; lastKnownFileType = sourcecode.swift; path = ViewController.swift; sourceTree = "<group>"; };
		3F8264A426F1B7520007B4DF /* Base */ = {isa = PBXFileReference; lastKnownFileType = file.storyboard; name = Base; path = Base.lproj/Main.storyboard; sourceTree = "<group>"; };
		3F8264A626F1B7550007B4DF /* Assets.xcassets */ = {isa = PBXFileReference; lastKnownFileType = folder.assetcatalog; path = Assets.xcassets; sourceTree = "<group>"; };
		3F8264A926F1B7550007B4DF /* Base */ = {isa = PBXFileReference; lastKnownFileType = file.storyboard; name = Base; path = Base.lproj/LaunchScreen.storyboard; sourceTree = "<group>"; };
		3F8264AB26F1B7550007B4DF /* Info.plist */ = {isa = PBXFileReference; lastKnownFileType = text.plist.xml; path = Info.plist; sourceTree = "<group>"; };
		3F8264B026F1B7560007B4DF /* ExampleTests.xctest */ = {isa = PBXFileReference; explicitFileType = wrapper.cfbundle; includeInIndex = 0; path = ExampleTests.xctest; sourceTree = BUILT_PRODUCTS_DIR; };
		3F8264B426F1B7560007B4DF /* ExampleTests.swift */ = {isa = PBXFileReference; lastKnownFileType = sourcecode.swift; path = ExampleTests.swift; sourceTree = "<group>"; };
		3F8264B626F1B7560007B4DF /* Info.plist */ = {isa = PBXFileReference; lastKnownFileType = text.plist.xml; path = Info.plist; sourceTree = "<group>"; };
		3F8264BB26F1B7560007B4DF /* ExampleUITests.xctest */ = {isa = PBXFileReference; explicitFileType = wrapper.cfbundle; includeInIndex = 0; path = ExampleUITests.xctest; sourceTree = BUILT_PRODUCTS_DIR; };
		3F8264BF26F1B7560007B4DF /* ExampleUITests.swift */ = {isa = PBXFileReference; lastKnownFileType = sourcecode.swift; path = ExampleUITests.swift; sourceTree = "<group>"; };
		3F8264C126F1B7560007B4DF /* Info.plist */ = {isa = PBXFileReference; lastKnownFileType = text.plist.xml; path = Info.plist; sourceTree = "<group>"; };
		3FF5088826F1F5FE001F2145 /* ExampleAPICallback.swift */ = {isa = PBXFileReference; lastKnownFileType = sourcecode.swift; path = ExampleAPICallback.swift; sourceTree = "<group>"; };
		3FF5088A26F1F649001F2145 /* ExampleTokenProvider.swift */ = {isa = PBXFileReference; lastKnownFileType = sourcecode.swift; path = ExampleTokenProvider.swift; sourceTree = "<group>"; };
		3FF5088E26F218CB001F2145 /* ResponseStructs.swift */ = {isa = PBXFileReference; fileEncoding = 4; lastKnownFileType = sourcecode.swift; path = ResponseStructs.swift; sourceTree = "<group>"; };
		4241AF869BA0D18C994B6861 /* Pods-Example.debug.xcconfig */ = {isa = PBXFileReference; includeInIndex = 1; lastKnownFileType = text.xcconfig; name = "Pods-Example.debug.xcconfig"; path = "Target Support Files/Pods-Example/Pods-Example.debug.xcconfig"; sourceTree = "<group>"; };
		585F81AC924D0FD1BE04DB72 /* Pods_Example.framework */ = {isa = PBXFileReference; explicitFileType = wrapper.framework; includeInIndex = 0; path = Pods_Example.framework; sourceTree = BUILT_PRODUCTS_DIR; };
		59231FCE7412456D3A085B65 /* Pods-Example.release.xcconfig */ = {isa = PBXFileReference; includeInIndex = 1; lastKnownFileType = text.xcconfig; name = "Pods-Example.release.xcconfig"; path = "Target Support Files/Pods-Example/Pods-Example.release.xcconfig"; sourceTree = "<group>"; };
/* End PBXFileReference section */

/* Begin PBXFrameworksBuildPhase section */
		3F82649726F1B7520007B4DF /* Frameworks */ = {
			isa = PBXFrameworksBuildPhase;
			buildActionMask = 2147483647;
			files = (
				E3E7857A248A9C91BF3720A4 /* Pods_Example.framework in Frameworks */,
			);
			runOnlyForDeploymentPostprocessing = 0;
		};
		3F8264AD26F1B7560007B4DF /* Frameworks */ = {
			isa = PBXFrameworksBuildPhase;
			buildActionMask = 2147483647;
			files = (
			);
			runOnlyForDeploymentPostprocessing = 0;
		};
		3F8264B826F1B7560007B4DF /* Frameworks */ = {
			isa = PBXFrameworksBuildPhase;
			buildActionMask = 2147483647;
			files = (
			);
			runOnlyForDeploymentPostprocessing = 0;
		};
/* End PBXFrameworksBuildPhase section */

/* Begin PBXGroup section */
		0C4CB76A5D1EC923D9DAE6E4 /* Pods */ = {
			isa = PBXGroup;
			children = (
				4241AF869BA0D18C994B6861 /* Pods-Example.debug.xcconfig */,
				59231FCE7412456D3A085B65 /* Pods-Example.release.xcconfig */,
			);
			path = Pods;
			sourceTree = "<group>";
		};
		3F82649126F1B7520007B4DF = {
			isa = PBXGroup;
			children = (
				3F82649C26F1B7520007B4DF /* Example */,
				3F8264B326F1B7560007B4DF /* ExampleTests */,
				3F8264BE26F1B7560007B4DF /* ExampleUITests */,
				3F82649B26F1B7520007B4DF /* Products */,
				0C4CB76A5D1EC923D9DAE6E4 /* Pods */,
				480C6F47CACDCEE11441F6DB /* Frameworks */,
			);
			sourceTree = "<group>";
		};
		3F82649B26F1B7520007B4DF /* Products */ = {
			isa = PBXGroup;
			children = (
				3F82649A26F1B7520007B4DF /* Example.app */,
				3F8264B026F1B7560007B4DF /* ExampleTests.xctest */,
				3F8264BB26F1B7560007B4DF /* ExampleUITests.xctest */,
			);
			name = Products;
			sourceTree = "<group>";
		};
		3F82649C26F1B7520007B4DF /* Example */ = {
			isa = PBXGroup;
			children = (
				3FF5088E26F218CB001F2145 /* ResponseStructs.swift */,
				3F82649D26F1B7520007B4DF /* AppDelegate.swift */,
				3F82649F26F1B7520007B4DF /* SceneDelegate.swift */,
				3F8264A126F1B7520007B4DF /* ViewController.swift */,
				3F8264A326F1B7520007B4DF /* Main.storyboard */,
				3F8264A626F1B7550007B4DF /* Assets.xcassets */,
				3F8264A826F1B7550007B4DF /* LaunchScreen.storyboard */,
				3F8264AB26F1B7550007B4DF /* Info.plist */,
				3FF5088826F1F5FE001F2145 /* ExampleAPICallback.swift */,
				3FF5088A26F1F649001F2145 /* ExampleTokenProvider.swift */,
			);
			path = Example;
			sourceTree = "<group>";
		};
		3F8264B326F1B7560007B4DF /* ExampleTests */ = {
			isa = PBXGroup;
			children = (
				3F8264B426F1B7560007B4DF /* ExampleTests.swift */,
				3F8264B626F1B7560007B4DF /* Info.plist */,
			);
			path = ExampleTests;
			sourceTree = "<group>";
		};
		3F8264BE26F1B7560007B4DF /* ExampleUITests */ = {
			isa = PBXGroup;
			children = (
				3F8264BF26F1B7560007B4DF /* ExampleUITests.swift */,
				3F8264C126F1B7560007B4DF /* Info.plist */,
			);
			path = ExampleUITests;
			sourceTree = "<group>";
		};
		480C6F47CACDCEE11441F6DB /* Frameworks */ = {
			isa = PBXGroup;
			children = (
				585F81AC924D0FD1BE04DB72 /* Pods_Example.framework */,
			);
			name = Frameworks;
			sourceTree = "<group>";
		};
/* End PBXGroup section */

/* Begin PBXNativeTarget section */
		3F82649926F1B7520007B4DF /* Example */ = {
			isa = PBXNativeTarget;
			buildConfigurationList = 3F8264C426F1B7560007B4DF /* Build configuration list for PBXNativeTarget "Example" */;
			buildPhases = (
				68638D56A25CE7E3763DC471 /* [CP] Check Pods Manifest.lock */,
				3F82649626F1B7520007B4DF /* Sources */,
				3F82649726F1B7520007B4DF /* Frameworks */,
				3F82649826F1B7520007B4DF /* Resources */,
				ECFF446458AD22FFBBE42CAE /* [CP] Embed Pods Frameworks */,
			);
			buildRules = (
			);
			dependencies = (
			);
			name = Example;
			productName = Example;
			productReference = 3F82649A26F1B7520007B4DF /* Example.app */;
			productType = "com.apple.product-type.application";
		};
		3F8264AF26F1B7560007B4DF /* ExampleTests */ = {
			isa = PBXNativeTarget;
			buildConfigurationList = 3F8264C726F1B7560007B4DF /* Build configuration list for PBXNativeTarget "ExampleTests" */;
			buildPhases = (
				3F8264AC26F1B7560007B4DF /* Sources */,
				3F8264AD26F1B7560007B4DF /* Frameworks */,
				3F8264AE26F1B7560007B4DF /* Resources */,
			);
			buildRules = (
			);
			dependencies = (
				3F8264B226F1B7560007B4DF /* PBXTargetDependency */,
			);
			name = ExampleTests;
			productName = ExampleTests;
			productReference = 3F8264B026F1B7560007B4DF /* ExampleTests.xctest */;
			productType = "com.apple.product-type.bundle.unit-test";
		};
		3F8264BA26F1B7560007B4DF /* ExampleUITests */ = {
			isa = PBXNativeTarget;
			buildConfigurationList = 3F8264CA26F1B7560007B4DF /* Build configuration list for PBXNativeTarget "ExampleUITests" */;
			buildPhases = (
				3F8264B726F1B7560007B4DF /* Sources */,
				3F8264B826F1B7560007B4DF /* Frameworks */,
				3F8264B926F1B7560007B4DF /* Resources */,
			);
			buildRules = (
			);
			dependencies = (
				3F8264BD26F1B7560007B4DF /* PBXTargetDependency */,
			);
			name = ExampleUITests;
			productName = ExampleUITests;
			productReference = 3F8264BB26F1B7560007B4DF /* ExampleUITests.xctest */;
			productType = "com.apple.product-type.bundle.ui-testing";
		};
/* End PBXNativeTarget section */

/* Begin PBXProject section */
		3F82649226F1B7520007B4DF /* Project object */ = {
			isa = PBXProject;
			attributes = {
				LastSwiftUpdateCheck = 1250;
				LastUpgradeCheck = 1250;
				TargetAttributes = {
					3F82649926F1B7520007B4DF = {
						CreatedOnToolsVersion = 12.5.1;
					};
					3F8264AF26F1B7560007B4DF = {
						CreatedOnToolsVersion = 12.5.1;
						TestTargetID = 3F82649926F1B7520007B4DF;
					};
					3F8264BA26F1B7560007B4DF = {
						CreatedOnToolsVersion = 12.5.1;
						TestTargetID = 3F82649926F1B7520007B4DF;
					};
				};
			};
			buildConfigurationList = 3F82649526F1B7520007B4DF /* Build configuration list for PBXProject "Example" */;
			compatibilityVersion = "Xcode 9.3";
			developmentRegion = en;
			hasScannedForEncodings = 0;
			knownRegions = (
				en,
				Base,
			);
			mainGroup = 3F82649126F1B7520007B4DF;
			productRefGroup = 3F82649B26F1B7520007B4DF /* Products */;
			projectDirPath = "";
			projectRoot = "";
			targets = (
				3F82649926F1B7520007B4DF /* Example */,
				3F8264AF26F1B7560007B4DF /* ExampleTests */,
				3F8264BA26F1B7560007B4DF /* ExampleUITests */,
			);
		};
/* End PBXProject section */

/* Begin PBXResourcesBuildPhase section */
		3F82649826F1B7520007B4DF /* Resources */ = {
			isa = PBXResourcesBuildPhase;
			buildActionMask = 2147483647;
			files = (
				3F8264AA26F1B7550007B4DF /* LaunchScreen.storyboard in Resources */,
				3F8264A726F1B7550007B4DF /* Assets.xcassets in Resources */,
				3F8264A526F1B7520007B4DF /* Main.storyboard in Resources */,
			);
			runOnlyForDeploymentPostprocessing = 0;
		};
		3F8264AE26F1B7560007B4DF /* Resources */ = {
			isa = PBXResourcesBuildPhase;
			buildActionMask = 2147483647;
			files = (
			);
			runOnlyForDeploymentPostprocessing = 0;
		};
		3F8264B926F1B7560007B4DF /* Resources */ = {
			isa = PBXResourcesBuildPhase;
			buildActionMask = 2147483647;
			files = (
			);
			runOnlyForDeploymentPostprocessing = 0;
		};
/* End PBXResourcesBuildPhase section */

/* Begin PBXShellScriptBuildPhase section */
		68638D56A25CE7E3763DC471 /* [CP] Check Pods Manifest.lock */ = {
			isa = PBXShellScriptBuildPhase;
			buildActionMask = 2147483647;
			files = (
			);
			inputFileListPaths = (
			);
			inputPaths = (
				"${PODS_PODFILE_DIR_PATH}/Podfile.lock",
				"${PODS_ROOT}/Manifest.lock",
			);
			name = "[CP] Check Pods Manifest.lock";
			outputFileListPaths = (
			);
			outputPaths = (
				"$(DERIVED_FILE_DIR)/Pods-Example-checkManifestLockResult.txt",
			);
			runOnlyForDeploymentPostprocessing = 0;
			shellPath = /bin/sh;
			shellScript = "diff \"${PODS_PODFILE_DIR_PATH}/Podfile.lock\" \"${PODS_ROOT}/Manifest.lock\" > /dev/null\nif [ $? != 0 ] ; then\n    # print error to STDERR\n    echo \"error: The sandbox is not in sync with the Podfile.lock. Run 'pod install' or update your CocoaPods installation.\" >&2\n    exit 1\nfi\n# This output is used by Xcode 'outputs' to avoid re-running this script phase.\necho \"SUCCESS\" > \"${SCRIPT_OUTPUT_FILE_0}\"\n";
			showEnvVarsInLog = 0;
		};
		ECFF446458AD22FFBBE42CAE /* [CP] Embed Pods Frameworks */ = {
			isa = PBXShellScriptBuildPhase;
			buildActionMask = 2147483647;
			files = (
			);
			inputFileListPaths = (
				"${PODS_ROOT}/Target Support Files/Pods-Example/Pods-Example-frameworks-${CONFIGURATION}-input-files.xcfilelist",
			);
			name = "[CP] Embed Pods Frameworks";
			outputFileListPaths = (
				"${PODS_ROOT}/Target Support Files/Pods-Example/Pods-Example-frameworks-${CONFIGURATION}-output-files.xcfilelist",
			);
			runOnlyForDeploymentPostprocessing = 0;
			shellPath = /bin/sh;
			shellScript = "\"${PODS_ROOT}/Target Support Files/Pods-Example/Pods-Example-frameworks.sh\"\n";
			showEnvVarsInLog = 0;
		};
/* End PBXShellScriptBuildPhase section */

/* Begin PBXSourcesBuildPhase section */
		3F82649626F1B7520007B4DF /* Sources */ = {
			isa = PBXSourcesBuildPhase;
			buildActionMask = 2147483647;
			files = (
				3F8264A226F1B7520007B4DF /* ViewController.swift in Sources */,
				3FF5088B26F1F649001F2145 /* ExampleTokenProvider.swift in Sources */,
				3F82649E26F1B7520007B4DF /* AppDelegate.swift in Sources */,
				3F8264A026F1B7520007B4DF /* SceneDelegate.swift in Sources */,
				3FF5088926F1F5FE001F2145 /* ExampleAPICallback.swift in Sources */,
				3FF5088F26F218CB001F2145 /* ResponseStructs.swift in Sources */,
			);
			runOnlyForDeploymentPostprocessing = 0;
		};
		3F8264AC26F1B7560007B4DF /* Sources */ = {
			isa = PBXSourcesBuildPhase;
			buildActionMask = 2147483647;
			files = (
				3F8264B526F1B7560007B4DF /* ExampleTests.swift in Sources */,
			);
			runOnlyForDeploymentPostprocessing = 0;
		};
		3F8264B726F1B7560007B4DF /* Sources */ = {
			isa = PBXSourcesBuildPhase;
			buildActionMask = 2147483647;
			files = (
				3F8264C026F1B7560007B4DF /* ExampleUITests.swift in Sources */,
			);
			runOnlyForDeploymentPostprocessing = 0;
		};
/* End PBXSourcesBuildPhase section */

/* Begin PBXTargetDependency section */
		3F8264B226F1B7560007B4DF /* PBXTargetDependency */ = {
			isa = PBXTargetDependency;
			target = 3F82649926F1B7520007B4DF /* Example */;
			targetProxy = 3F8264B126F1B7560007B4DF /* PBXContainerItemProxy */;
		};
		3F8264BD26F1B7560007B4DF /* PBXTargetDependency */ = {
			isa = PBXTargetDependency;
			target = 3F82649926F1B7520007B4DF /* Example */;
			targetProxy = 3F8264BC26F1B7560007B4DF /* PBXContainerItemProxy */;
		};
/* End PBXTargetDependency section */

/* Begin PBXVariantGroup section */
		3F8264A326F1B7520007B4DF /* Main.storyboard */ = {
			isa = PBXVariantGroup;
			children = (
				3F8264A426F1B7520007B4DF /* Base */,
			);
			name = Main.storyboard;
			sourceTree = "<group>";
		};
		3F8264A826F1B7550007B4DF /* LaunchScreen.storyboard */ = {
			isa = PBXVariantGroup;
			children = (
				3F8264A926F1B7550007B4DF /* Base */,
			);
			name = LaunchScreen.storyboard;
			sourceTree = "<group>";
		};
/* End PBXVariantGroup section */

/* Begin XCBuildConfiguration section */
		3F8264C226F1B7560007B4DF /* Debug */ = {
			isa = XCBuildConfiguration;
			buildSettings = {
				ALWAYS_SEARCH_USER_PATHS = NO;
				CLANG_ANALYZER_NONNULL = YES;
				CLANG_ANALYZER_NUMBER_OBJECT_CONVERSION = YES_AGGRESSIVE;
				CLANG_CXX_LANGUAGE_STANDARD = "gnu++14";
				CLANG_CXX_LIBRARY = "libc++";
				CLANG_ENABLE_MODULES = YES;
				CLANG_ENABLE_OBJC_ARC = YES;
				CLANG_ENABLE_OBJC_WEAK = YES;
				CLANG_WARN_BLOCK_CAPTURE_AUTORELEASING = YES;
				CLANG_WARN_BOOL_CONVERSION = YES;
				CLANG_WARN_COMMA = YES;
				CLANG_WARN_CONSTANT_CONVERSION = YES;
				CLANG_WARN_DEPRECATED_OBJC_IMPLEMENTATIONS = YES;
				CLANG_WARN_DIRECT_OBJC_ISA_USAGE = YES_ERROR;
				CLANG_WARN_DOCUMENTATION_COMMENTS = YES;
				CLANG_WARN_EMPTY_BODY = YES;
				CLANG_WARN_ENUM_CONVERSION = YES;
				CLANG_WARN_INFINITE_RECURSION = YES;
				CLANG_WARN_INT_CONVERSION = YES;
				CLANG_WARN_NON_LITERAL_NULL_CONVERSION = YES;
				CLANG_WARN_OBJC_IMPLICIT_RETAIN_SELF = YES;
				CLANG_WARN_OBJC_LITERAL_CONVERSION = YES;
				CLANG_WARN_OBJC_ROOT_CLASS = YES_ERROR;
				CLANG_WARN_QUOTED_INCLUDE_IN_FRAMEWORK_HEADER = YES;
				CLANG_WARN_RANGE_LOOP_ANALYSIS = YES;
				CLANG_WARN_STRICT_PROTOTYPES = YES;
				CLANG_WARN_SUSPICIOUS_MOVE = YES;
				CLANG_WARN_UNGUARDED_AVAILABILITY = YES_AGGRESSIVE;
				CLANG_WARN_UNREACHABLE_CODE = YES;
				CLANG_WARN__DUPLICATE_METHOD_MATCH = YES;
				COPY_PHASE_STRIP = NO;
				DEBUG_INFORMATION_FORMAT = dwarf;
				ENABLE_STRICT_OBJC_MSGSEND = YES;
				ENABLE_TESTABILITY = YES;
				GCC_C_LANGUAGE_STANDARD = gnu11;
				GCC_DYNAMIC_NO_PIC = NO;
				GCC_NO_COMMON_BLOCKS = YES;
				GCC_OPTIMIZATION_LEVEL = 0;
				GCC_PREPROCESSOR_DEFINITIONS = (
					"DEBUG=1",
					"$(inherited)",
				);
				GCC_WARN_64_TO_32_BIT_CONVERSION = YES;
				GCC_WARN_ABOUT_RETURN_TYPE = YES_ERROR;
				GCC_WARN_UNDECLARED_SELECTOR = YES;
				GCC_WARN_UNINITIALIZED_AUTOS = YES_AGGRESSIVE;
				GCC_WARN_UNUSED_FUNCTION = YES;
				GCC_WARN_UNUSED_VARIABLE = YES;
				IPHONEOS_DEPLOYMENT_TARGET = 14.5;
				MTL_ENABLE_DEBUG_INFO = INCLUDE_SOURCE;
				MTL_FAST_MATH = YES;
				ONLY_ACTIVE_ARCH = YES;
				SDKROOT = iphoneos;
				SWIFT_ACTIVE_COMPILATION_CONDITIONS = DEBUG;
				SWIFT_OPTIMIZATION_LEVEL = "-Onone";
			};
			name = Debug;
		};
		3F8264C326F1B7560007B4DF /* Release */ = {
			isa = XCBuildConfiguration;
			buildSettings = {
				ALWAYS_SEARCH_USER_PATHS = NO;
				CLANG_ANALYZER_NONNULL = YES;
				CLANG_ANALYZER_NUMBER_OBJECT_CONVERSION = YES_AGGRESSIVE;
				CLANG_CXX_LANGUAGE_STANDARD = "gnu++14";
				CLANG_CXX_LIBRARY = "libc++";
				CLANG_ENABLE_MODULES = YES;
				CLANG_ENABLE_OBJC_ARC = YES;
				CLANG_ENABLE_OBJC_WEAK = YES;
				CLANG_WARN_BLOCK_CAPTURE_AUTORELEASING = YES;
				CLANG_WARN_BOOL_CONVERSION = YES;
				CLANG_WARN_COMMA = YES;
				CLANG_WARN_CONSTANT_CONVERSION = YES;
				CLANG_WARN_DEPRECATED_OBJC_IMPLEMENTATIONS = YES;
				CLANG_WARN_DIRECT_OBJC_ISA_USAGE = YES_ERROR;
				CLANG_WARN_DOCUMENTATION_COMMENTS = YES;
				CLANG_WARN_EMPTY_BODY = YES;
				CLANG_WARN_ENUM_CONVERSION = YES;
				CLANG_WARN_INFINITE_RECURSION = YES;
				CLANG_WARN_INT_CONVERSION = YES;
				CLANG_WARN_NON_LITERAL_NULL_CONVERSION = YES;
				CLANG_WARN_OBJC_IMPLICIT_RETAIN_SELF = YES;
				CLANG_WARN_OBJC_LITERAL_CONVERSION = YES;
				CLANG_WARN_OBJC_ROOT_CLASS = YES_ERROR;
				CLANG_WARN_QUOTED_INCLUDE_IN_FRAMEWORK_HEADER = YES;
				CLANG_WARN_RANGE_LOOP_ANALYSIS = YES;
				CLANG_WARN_STRICT_PROTOTYPES = YES;
				CLANG_WARN_SUSPICIOUS_MOVE = YES;
				CLANG_WARN_UNGUARDED_AVAILABILITY = YES_AGGRESSIVE;
				CLANG_WARN_UNREACHABLE_CODE = YES;
				CLANG_WARN__DUPLICATE_METHOD_MATCH = YES;
				COPY_PHASE_STRIP = NO;
				DEBUG_INFORMATION_FORMAT = "dwarf-with-dsym";
				ENABLE_NS_ASSERTIONS = NO;
				ENABLE_STRICT_OBJC_MSGSEND = YES;
				GCC_C_LANGUAGE_STANDARD = gnu11;
				GCC_NO_COMMON_BLOCKS = YES;
				GCC_WARN_64_TO_32_BIT_CONVERSION = YES;
				GCC_WARN_ABOUT_RETURN_TYPE = YES_ERROR;
				GCC_WARN_UNDECLARED_SELECTOR = YES;
				GCC_WARN_UNINITIALIZED_AUTOS = YES_AGGRESSIVE;
				GCC_WARN_UNUSED_FUNCTION = YES;
				GCC_WARN_UNUSED_VARIABLE = YES;
				IPHONEOS_DEPLOYMENT_TARGET = 14.5;
				MTL_ENABLE_DEBUG_INFO = NO;
				MTL_FAST_MATH = YES;
				SDKROOT = iphoneos;
				SWIFT_COMPILATION_MODE = wholemodule;
				SWIFT_OPTIMIZATION_LEVEL = "-O";
				VALIDATE_PRODUCT = YES;
			};
			name = Release;
		};
		3F8264C526F1B7560007B4DF /* Debug */ = {
			isa = XCBuildConfiguration;
			baseConfigurationReference = 4241AF869BA0D18C994B6861 /* Pods-Example.debug.xcconfig */;
			buildSettings = {
				ASSETCATALOG_COMPILER_APPICON_NAME = AppIcon;
				ASSETCATALOG_COMPILER_GLOBAL_ACCENT_COLOR_NAME = AccentColor;
				CODE_SIGN_STYLE = Automatic;
				DEVELOPMENT_TEAM = 6NVHQBC578;
				INFOPLIST_FILE = Example/Info.plist;
				LD_RUNPATH_SEARCH_PATHS = (
					"$(inherited)",
					"@executable_path/Frameworks",
				);
				PRODUCT_BUNDLE_IDENTIFIER = tcodes.Example;
				PRODUCT_NAME = "$(TARGET_NAME)";
				SWIFT_VERSION = 5.0;
				TARGETED_DEVICE_FAMILY = "1,2";
			};
			name = Debug;
		};
		3F8264C626F1B7560007B4DF /* Release */ = {
			isa = XCBuildConfiguration;
			baseConfigurationReference = 59231FCE7412456D3A085B65 /* Pods-Example.release.xcconfig */;
			buildSettings = {
				ASSETCATALOG_COMPILER_APPICON_NAME = AppIcon;
				ASSETCATALOG_COMPILER_GLOBAL_ACCENT_COLOR_NAME = AccentColor;
				CODE_SIGN_STYLE = Automatic;
				DEVELOPMENT_TEAM = 6NVHQBC578;
				INFOPLIST_FILE = Example/Info.plist;
				LD_RUNPATH_SEARCH_PATHS = (
					"$(inherited)",
					"@executable_path/Frameworks",
				);
				PRODUCT_BUNDLE_IDENTIFIER = tcodes.Example;
				PRODUCT_NAME = "$(TARGET_NAME)";
				SWIFT_VERSION = 5.0;
				TARGETED_DEVICE_FAMILY = "1,2";
			};
			name = Release;
		};
		3F8264C826F1B7560007B4DF /* Debug */ = {
			isa = XCBuildConfiguration;
			buildSettings = {
				ALWAYS_EMBED_SWIFT_STANDARD_LIBRARIES = YES;
				BUNDLE_LOADER = "$(TEST_HOST)";
				CODE_SIGN_STYLE = Automatic;
				DEVELOPMENT_TEAM = 6NVHQBC578;
				INFOPLIST_FILE = ExampleTests/Info.plist;
				IPHONEOS_DEPLOYMENT_TARGET = 14.5;
				LD_RUNPATH_SEARCH_PATHS = (
					"$(inherited)",
					"@executable_path/Frameworks",
					"@loader_path/Frameworks",
				);
				PRODUCT_BUNDLE_IDENTIFIER = tcodes.ExampleTests;
				PRODUCT_NAME = "$(TARGET_NAME)";
				SWIFT_VERSION = 5.0;
				TARGETED_DEVICE_FAMILY = "1,2";
				TEST_HOST = "$(BUILT_PRODUCTS_DIR)/Example.app/Example";
			};
			name = Debug;
		};
		3F8264C926F1B7560007B4DF /* Release */ = {
			isa = XCBuildConfiguration;
			buildSettings = {
				ALWAYS_EMBED_SWIFT_STANDARD_LIBRARIES = YES;
				BUNDLE_LOADER = "$(TEST_HOST)";
				CODE_SIGN_STYLE = Automatic;
				DEVELOPMENT_TEAM = 6NVHQBC578;
				INFOPLIST_FILE = ExampleTests/Info.plist;
				IPHONEOS_DEPLOYMENT_TARGET = 14.5;
				LD_RUNPATH_SEARCH_PATHS = (
					"$(inherited)",
					"@executable_path/Frameworks",
					"@loader_path/Frameworks",
				);
				PRODUCT_BUNDLE_IDENTIFIER = tcodes.ExampleTests;
				PRODUCT_NAME = "$(TARGET_NAME)";
				SWIFT_VERSION = 5.0;
				TARGETED_DEVICE_FAMILY = "1,2";
				TEST_HOST = "$(BUILT_PRODUCTS_DIR)/Example.app/Example";
			};
			name = Release;
		};
		3F8264CB26F1B7560007B4DF /* Debug */ = {
			isa = XCBuildConfiguration;
			buildSettings = {
				ALWAYS_EMBED_SWIFT_STANDARD_LIBRARIES = YES;
				CODE_SIGN_STYLE = Automatic;
				DEVELOPMENT_TEAM = 6NVHQBC578;
				INFOPLIST_FILE = ExampleUITests/Info.plist;
				LD_RUNPATH_SEARCH_PATHS = (
					"$(inherited)",
					"@executable_path/Frameworks",
					"@loader_path/Frameworks",
				);
				PRODUCT_BUNDLE_IDENTIFIER = tcodes.ExampleUITests;
				PRODUCT_NAME = "$(TARGET_NAME)";
				SWIFT_VERSION = 5.0;
				TARGETED_DEVICE_FAMILY = "1,2";
				TEST_TARGET_NAME = Example;
			};
			name = Debug;
		};
		3F8264CC26F1B7560007B4DF /* Release */ = {
			isa = XCBuildConfiguration;
			buildSettings = {
				ALWAYS_EMBED_SWIFT_STANDARD_LIBRARIES = YES;
				CODE_SIGN_STYLE = Automatic;
				DEVELOPMENT_TEAM = 6NVHQBC578;
				INFOPLIST_FILE = ExampleUITests/Info.plist;
				LD_RUNPATH_SEARCH_PATHS = (
					"$(inherited)",
					"@executable_path/Frameworks",
					"@loader_path/Frameworks",
				);
				PRODUCT_BUNDLE_IDENTIFIER = tcodes.ExampleUITests;
				PRODUCT_NAME = "$(TARGET_NAME)";
				SWIFT_VERSION = 5.0;
				TARGETED_DEVICE_FAMILY = "1,2";
				TEST_TARGET_NAME = Example;
			};
			name = Release;
		};
/* End XCBuildConfiguration section */

/* Begin XCConfigurationList section */
		3F82649526F1B7520007B4DF /* Build configuration list for PBXProject "Example" */ = {
			isa = XCConfigurationList;
			buildConfigurations = (
				3F8264C226F1B7560007B4DF /* Debug */,
				3F8264C326F1B7560007B4DF /* Release */,
			);
			defaultConfigurationIsVisible = 0;
			defaultConfigurationName = Release;
		};
		3F8264C426F1B7560007B4DF /* Build configuration list for PBXNativeTarget "Example" */ = {
			isa = XCConfigurationList;
			buildConfigurations = (
				3F8264C526F1B7560007B4DF /* Debug */,
				3F8264C626F1B7560007B4DF /* Release */,
			);
			defaultConfigurationIsVisible = 0;
			defaultConfigurationName = Release;
		};
		3F8264C726F1B7560007B4DF /* Build configuration list for PBXNativeTarget "ExampleTests" */ = {
			isa = XCConfigurationList;
			buildConfigurations = (
				3F8264C826F1B7560007B4DF /* Debug */,
				3F8264C926F1B7560007B4DF /* Release */,
			);
			defaultConfigurationIsVisible = 0;
			defaultConfigurationName = Release;
		};
		3F8264CA26F1B7560007B4DF /* Build configuration list for PBXNativeTarget "ExampleUITests" */ = {
			isa = XCConfigurationList;
			buildConfigurations = (
				3F8264CB26F1B7560007B4DF /* Debug */,
				3F8264CC26F1B7560007B4DF /* Release */,
			);
			defaultConfigurationIsVisible = 0;
			defaultConfigurationName = Release;
		};
/* End XCConfigurationList section */
	};
	rootObject = 3F82649226F1B7520007B4DF /* Project object */;
}
