// !$*UTF8*$!
{
	archiveVersion = 1;
	classes = {
	};
	objectVersion = 55;
	objects = {

/* Begin PBXBuildFile section */
		17E644584BFD2DC0F376A154 /* libPods-InvokeSoapConnection.a in Frameworks */ = {isa = PBXBuildFile; fileRef = 4D814139EA243E0AE721748A /* libPods-InvokeSoapConnection.a */; };
		F10D097C278B73A100972297 /* AppDelegate.swift in Sources */ = {isa = PBXBuildFile; fileRef = F10D097B278B73A100972297 /* AppDelegate.swift */; };
		F10D097E278B73A100972297 /* SceneDelegate.swift in Sources */ = {isa = PBXBuildFile; fileRef = F10D097D278B73A100972297 /* SceneDelegate.swift */; };
		F10D0980278B73A100972297 /* ViewController.swift in Sources */ = {isa = PBXBuildFile; fileRef = F10D097F278B73A100972297 /* ViewController.swift */; };
		F10D0983278B73A100972297 /* Main.storyboard in Resources */ = {isa = PBXBuildFile; fileRef = F10D0981278B73A100972297 /* Main.storyboard */; };
		F10D0985278B73A700972297 /* Assets.xcassets in Resources */ = {isa = PBXBuildFile; fileRef = F10D0984278B73A700972297 /* Assets.xcassets */; };
		F10D0988278B73A700972297 /* LaunchScreen.storyboard in Resources */ = {isa = PBXBuildFile; fileRef = F10D0986278B73A700972297 /* LaunchScreen.storyboard */; };
		F10D0990278B75F300972297 /* ExampleTokenProvider.swift in Sources */ = {isa = PBXBuildFile; fileRef = F10D098F278B75F300972297 /* ExampleTokenProvider.swift */; };
/* End PBXBuildFile section */

/* Begin PBXFileReference section */
		4D814139EA243E0AE721748A /* libPods-InvokeSoapConnection.a */ = {isa = PBXFileReference; explicitFileType = archive.ar; includeInIndex = 0; path = "libPods-InvokeSoapConnection.a"; sourceTree = BUILT_PRODUCTS_DIR; };
		950FEA9F8F4D3D0589FAB907 /* Pods-InvokeSoapConnection.debug.xcconfig */ = {isa = PBXFileReference; includeInIndex = 1; lastKnownFileType = text.xcconfig; name = "Pods-InvokeSoapConnection.debug.xcconfig"; path = "Target Support Files/Pods-InvokeSoapConnection/Pods-InvokeSoapConnection.debug.xcconfig"; sourceTree = "<group>"; };
		9C2F7DDE04A8728A4C7CBE9B /* Pods-InvokeSoapConnection.release.xcconfig */ = {isa = PBXFileReference; includeInIndex = 1; lastKnownFileType = text.xcconfig; name = "Pods-InvokeSoapConnection.release.xcconfig"; path = "Target Support Files/Pods-InvokeSoapConnection/Pods-InvokeSoapConnection.release.xcconfig"; sourceTree = "<group>"; };
		F10D0978278B73A100972297 /* InvokeSoapConnection.app */ = {isa = PBXFileReference; explicitFileType = wrapper.application; includeInIndex = 0; path = InvokeSoapConnection.app; sourceTree = BUILT_PRODUCTS_DIR; };
		F10D097B278B73A100972297 /* AppDelegate.swift */ = {isa = PBXFileReference; lastKnownFileType = sourcecode.swift; path = AppDelegate.swift; sourceTree = "<group>"; };
		F10D097D278B73A100972297 /* SceneDelegate.swift */ = {isa = PBXFileReference; lastKnownFileType = sourcecode.swift; path = SceneDelegate.swift; sourceTree = "<group>"; };
		F10D097F278B73A100972297 /* ViewController.swift */ = {isa = PBXFileReference; lastKnownFileType = sourcecode.swift; path = ViewController.swift; sourceTree = "<group>"; };
		F10D0982278B73A100972297 /* Base */ = {isa = PBXFileReference; lastKnownFileType = file.storyboard; name = Base; path = Base.lproj/Main.storyboard; sourceTree = "<group>"; };
		F10D0984278B73A700972297 /* Assets.xcassets */ = {isa = PBXFileReference; lastKnownFileType = folder.assetcatalog; path = Assets.xcassets; sourceTree = "<group>"; };
		F10D0987278B73A700972297 /* Base */ = {isa = PBXFileReference; lastKnownFileType = file.storyboard; name = Base; path = Base.lproj/LaunchScreen.storyboard; sourceTree = "<group>"; };
		F10D0989278B73A700972297 /* Info.plist */ = {isa = PBXFileReference; lastKnownFileType = text.plist.xml; path = Info.plist; sourceTree = "<group>"; };
		F10D098F278B75F300972297 /* ExampleTokenProvider.swift */ = {isa = PBXFileReference; lastKnownFileType = sourcecode.swift; path = ExampleTokenProvider.swift; sourceTree = "<group>"; };
/* End PBXFileReference section */

/* Begin PBXFrameworksBuildPhase section */
		F10D0975278B73A000972297 /* Frameworks */ = {
			isa = PBXFrameworksBuildPhase;
			buildActionMask = 2147483647;
			files = (
				17E644584BFD2DC0F376A154 /* libPods-InvokeSoapConnection.a in Frameworks */,
			);
			runOnlyForDeploymentPostprocessing = 0;
		};
/* End PBXFrameworksBuildPhase section */

/* Begin PBXGroup section */
		0C02526F4D095BE752BC9DEB /* Pods */ = {
			isa = PBXGroup;
			children = (
				950FEA9F8F4D3D0589FAB907 /* Pods-InvokeSoapConnection.debug.xcconfig */,
				9C2F7DDE04A8728A4C7CBE9B /* Pods-InvokeSoapConnection.release.xcconfig */,
			);
			path = Pods;
			sourceTree = "<group>";
		};
		E4FB37FB0A14ADE7E35ADEC9 /* Frameworks */ = {
			isa = PBXGroup;
			children = (
				4D814139EA243E0AE721748A /* libPods-InvokeSoapConnection.a */,
			);
			name = Frameworks;
			sourceTree = "<group>";
		};
		F10D096F278B73A000972297 = {
			isa = PBXGroup;
			children = (
				F10D097A278B73A100972297 /* InvokeSoapConnection */,
				F10D0979278B73A100972297 /* Products */,
				0C02526F4D095BE752BC9DEB /* Pods */,
				E4FB37FB0A14ADE7E35ADEC9 /* Frameworks */,
			);
			sourceTree = "<group>";
		};
		F10D0979278B73A100972297 /* Products */ = {
			isa = PBXGroup;
			children = (
				F10D0978278B73A100972297 /* InvokeSoapConnection.app */,
			);
			name = Products;
			sourceTree = "<group>";
		};
		F10D097A278B73A100972297 /* InvokeSoapConnection */ = {
			isa = PBXGroup;
			children = (
				F10D097B278B73A100972297 /* AppDelegate.swift */,
				F10D097D278B73A100972297 /* SceneDelegate.swift */,
				F10D097F278B73A100972297 /* ViewController.swift */,
				F10D0981278B73A100972297 /* Main.storyboard */,
				F10D0984278B73A700972297 /* Assets.xcassets */,
				F10D0986278B73A700972297 /* LaunchScreen.storyboard */,
				F10D0989278B73A700972297 /* Info.plist */,
				F10D098F278B75F300972297 /* ExampleTokenProvider.swift */,
			);
			path = InvokeSoapConnection;
			sourceTree = "<group>";
		};
/* End PBXGroup section */

/* Begin PBXNativeTarget section */
		F10D0977278B73A000972297 /* InvokeSoapConnection */ = {
			isa = PBXNativeTarget;
			buildConfigurationList = F10D098C278B73A700972297 /* Build configuration list for PBXNativeTarget "InvokeSoapConnection" */;
			buildPhases = (
				24BCDE9FD0E293D056C7FAA7 /* [CP] Check Pods Manifest.lock */,
				F10D0974278B73A000972297 /* Sources */,
				F10D0975278B73A000972297 /* Frameworks */,
				F10D0976278B73A000972297 /* Resources */,
				F7B73B5CDAE390D8B72A6709 /* [CP] Copy Pods Resources */,
			);
			buildRules = (
			);
			dependencies = (
			);
			name = InvokeSoapConnection;
			productName = InvokeSoapConnection;
			productReference = F10D0978278B73A100972297 /* InvokeSoapConnection.app */;
			productType = "com.apple.product-type.application";
		};
/* End PBXNativeTarget section */

/* Begin PBXProject section */
		F10D0970278B73A000972297 /* Project object */ = {
			isa = PBXProject;
			attributes = {
				BuildIndependentTargetsInParallel = 1;
				LastSwiftUpdateCheck = 1320;
				LastUpgradeCheck = 1320;
				TargetAttributes = {
					F10D0977278B73A000972297 = {
						CreatedOnToolsVersion = 13.2;
					};
				};
			};
			buildConfigurationList = F10D0973278B73A000972297 /* Build configuration list for PBXProject "InvokeSoapConnection" */;
			compatibilityVersion = "Xcode 13.0";
			developmentRegion = en;
			hasScannedForEncodings = 0;
			knownRegions = (
				en,
				Base,
			);
			mainGroup = F10D096F278B73A000972297;
			productRefGroup = F10D0979278B73A100972297 /* Products */;
			projectDirPath = "";
			projectRoot = "";
			targets = (
				F10D0977278B73A000972297 /* InvokeSoapConnection */,
			);
		};
/* End PBXProject section */

/* Begin PBXResourcesBuildPhase section */
		F10D0976278B73A000972297 /* Resources */ = {
			isa = PBXResourcesBuildPhase;
			buildActionMask = 2147483647;
			files = (
				F10D0988278B73A700972297 /* LaunchScreen.storyboard in Resources */,
				F10D0985278B73A700972297 /* Assets.xcassets in Resources */,
				F10D0983278B73A100972297 /* Main.storyboard in Resources */,
			);
			runOnlyForDeploymentPostprocessing = 0;
		};
/* End PBXResourcesBuildPhase section */

/* Begin PBXShellScriptBuildPhase section */
		24BCDE9FD0E293D056C7FAA7 /* [CP] Check Pods Manifest.lock */ = {
			isa = PBXShellScriptBuildPhase;
			buildActionMask = 2147483647;
			files = (
			);
			inputFileListPaths = (
			);
			inputPaths = (
				"${PODS_PODFILE_DIR_PATH}/Podfile.lock",
				"${PODS_ROOT}/Manifest.lock",
			);
			name = "[CP] Check Pods Manifest.lock";
			outputFileListPaths = (
			);
			outputPaths = (
				"$(DERIVED_FILE_DIR)/Pods-InvokeSoapConnection-checkManifestLockResult.txt",
			);
			runOnlyForDeploymentPostprocessing = 0;
			shellPath = /bin/sh;
			shellScript = "diff \"${PODS_PODFILE_DIR_PATH}/Podfile.lock\" \"${PODS_ROOT}/Manifest.lock\" > /dev/null\nif [ $? != 0 ] ; then\n    # print error to STDERR\n    echo \"error: The sandbox is not in sync with the Podfile.lock. Run 'pod install' or update your CocoaPods installation.\" >&2\n    exit 1\nfi\n# This output is used by Xcode 'outputs' to avoid re-running this script phase.\necho \"SUCCESS\" > \"${SCRIPT_OUTPUT_FILE_0}\"\n";
			showEnvVarsInLog = 0;
		};
		F7B73B5CDAE390D8B72A6709 /* [CP] Copy Pods Resources */ = {
			isa = PBXShellScriptBuildPhase;
			buildActionMask = 2147483647;
			files = (
			);
			inputFileListPaths = (
				"${PODS_ROOT}/Target Support Files/Pods-InvokeSoapConnection/Pods-InvokeSoapConnection-resources-${CONFIGURATION}-input-files.xcfilelist",
			);
			name = "[CP] Copy Pods Resources";
			outputFileListPaths = (
				"${PODS_ROOT}/Target Support Files/Pods-InvokeSoapConnection/Pods-InvokeSoapConnection-resources-${CONFIGURATION}-output-files.xcfilelist",
			);
			runOnlyForDeploymentPostprocessing = 0;
			shellPath = /bin/sh;
			shellScript = "\"${PODS_ROOT}/Target Support Files/Pods-InvokeSoapConnection/Pods-InvokeSoapConnection-resources.sh\"\n";
			showEnvVarsInLog = 0;
		};
/* End PBXShellScriptBuildPhase section */

/* Begin PBXSourcesBuildPhase section */
		F10D0974278B73A000972297 /* Sources */ = {
			isa = PBXSourcesBuildPhase;
			buildActionMask = 2147483647;
			files = (
				F10D0980278B73A100972297 /* ViewController.swift in Sources */,
				F10D0990278B75F300972297 /* ExampleTokenProvider.swift in Sources */,
				F10D097C278B73A100972297 /* AppDelegate.swift in Sources */,
				F10D097E278B73A100972297 /* SceneDelegate.swift in Sources */,
			);
			runOnlyForDeploymentPostprocessing = 0;
		};
/* End PBXSourcesBuildPhase section */

/* Begin PBXVariantGroup section */
		F10D0981278B73A100972297 /* Main.storyboard */ = {
			isa = PBXVariantGroup;
			children = (
				F10D0982278B73A100972297 /* Base */,
			);
			name = Main.storyboard;
			sourceTree = "<group>";
		};
		F10D0986278B73A700972297 /* LaunchScreen.storyboard */ = {
			isa = PBXVariantGroup;
			children = (
				F10D0987278B73A700972297 /* Base */,
			);
			name = LaunchScreen.storyboard;
			sourceTree = "<group>";
		};
/* End PBXVariantGroup section */

/* Begin XCBuildConfiguration section */
		F10D098A278B73A700972297 /* Debug */ = {
			isa = XCBuildConfiguration;
			buildSettings = {
				ALWAYS_SEARCH_USER_PATHS = NO;
				CLANG_ANALYZER_NONNULL = YES;
				CLANG_ANALYZER_NUMBER_OBJECT_CONVERSION = YES_AGGRESSIVE;
				CLANG_CXX_LANGUAGE_STANDARD = "gnu++17";
				CLANG_CXX_LIBRARY = "libc++";
				CLANG_ENABLE_MODULES = YES;
				CLANG_ENABLE_OBJC_ARC = YES;
				CLANG_ENABLE_OBJC_WEAK = YES;
				CLANG_WARN_BLOCK_CAPTURE_AUTORELEASING = YES;
				CLANG_WARN_BOOL_CONVERSION = YES;
				CLANG_WARN_COMMA = YES;
				CLANG_WARN_CONSTANT_CONVERSION = YES;
				CLANG_WARN_DEPRECATED_OBJC_IMPLEMENTATIONS = YES;
				CLANG_WARN_DIRECT_OBJC_ISA_USAGE = YES_ERROR;
				CLANG_WARN_DOCUMENTATION_COMMENTS = YES;
				CLANG_WARN_EMPTY_BODY = YES;
				CLANG_WARN_ENUM_CONVERSION = YES;
				CLANG_WARN_INFINITE_RECURSION = YES;
				CLANG_WARN_INT_CONVERSION = YES;
				CLANG_WARN_NON_LITERAL_NULL_CONVERSION = YES;
				CLANG_WARN_OBJC_IMPLICIT_RETAIN_SELF = YES;
				CLANG_WARN_OBJC_LITERAL_CONVERSION = YES;
				CLANG_WARN_OBJC_ROOT_CLASS = YES_ERROR;
				CLANG_WARN_QUOTED_INCLUDE_IN_FRAMEWORK_HEADER = YES;
				CLANG_WARN_RANGE_LOOP_ANALYSIS = YES;
				CLANG_WARN_STRICT_PROTOTYPES = YES;
				CLANG_WARN_SUSPICIOUS_MOVE = YES;
				CLANG_WARN_UNGUARDED_AVAILABILITY = YES_AGGRESSIVE;
				CLANG_WARN_UNREACHABLE_CODE = YES;
				CLANG_WARN__DUPLICATE_METHOD_MATCH = YES;
				COPY_PHASE_STRIP = NO;
				DEBUG_INFORMATION_FORMAT = dwarf;
				ENABLE_STRICT_OBJC_MSGSEND = YES;
				ENABLE_TESTABILITY = YES;
				GCC_C_LANGUAGE_STANDARD = gnu11;
				GCC_DYNAMIC_NO_PIC = NO;
				GCC_NO_COMMON_BLOCKS = YES;
				GCC_OPTIMIZATION_LEVEL = 0;
				GCC_PREPROCESSOR_DEFINITIONS = (
					"DEBUG=1",
					"$(inherited)",
				);
				GCC_WARN_64_TO_32_BIT_CONVERSION = YES;
				GCC_WARN_ABOUT_RETURN_TYPE = YES_ERROR;
				GCC_WARN_UNDECLARED_SELECTOR = YES;
				GCC_WARN_UNINITIALIZED_AUTOS = YES_AGGRESSIVE;
				GCC_WARN_UNUSED_FUNCTION = YES;
				GCC_WARN_UNUSED_VARIABLE = YES;
				IPHONEOS_DEPLOYMENT_TARGET = 15.2;
				MTL_ENABLE_DEBUG_INFO = INCLUDE_SOURCE;
				MTL_FAST_MATH = YES;
				ONLY_ACTIVE_ARCH = YES;
				SDKROOT = iphoneos;
				SWIFT_ACTIVE_COMPILATION_CONDITIONS = DEBUG;
				SWIFT_OPTIMIZATION_LEVEL = "-Onone";
			};
			name = Debug;
		};
		F10D098B278B73A700972297 /* Release */ = {
			isa = XCBuildConfiguration;
			buildSettings = {
				ALWAYS_SEARCH_USER_PATHS = NO;
				CLANG_ANALYZER_NONNULL = YES;
				CLANG_ANALYZER_NUMBER_OBJECT_CONVERSION = YES_AGGRESSIVE;
				CLANG_CXX_LANGUAGE_STANDARD = "gnu++17";
				CLANG_CXX_LIBRARY = "libc++";
				CLANG_ENABLE_MODULES = YES;
				CLANG_ENABLE_OBJC_ARC = YES;
				CLANG_ENABLE_OBJC_WEAK = YES;
				CLANG_WARN_BLOCK_CAPTURE_AUTORELEASING = YES;
				CLANG_WARN_BOOL_CONVERSION = YES;
				CLANG_WARN_COMMA = YES;
				CLANG_WARN_CONSTANT_CONVERSION = YES;
				CLANG_WARN_DEPRECATED_OBJC_IMPLEMENTATIONS = YES;
				CLANG_WARN_DIRECT_OBJC_ISA_USAGE = YES_ERROR;
				CLANG_WARN_DOCUMENTATION_COMMENTS = YES;
				CLANG_WARN_EMPTY_BODY = YES;
				CLANG_WARN_ENUM_CONVERSION = YES;
				CLANG_WARN_INFINITE_RECURSION = YES;
				CLANG_WARN_INT_CONVERSION = YES;
				CLANG_WARN_NON_LITERAL_NULL_CONVERSION = YES;
				CLANG_WARN_OBJC_IMPLICIT_RETAIN_SELF = YES;
				CLANG_WARN_OBJC_LITERAL_CONVERSION = YES;
				CLANG_WARN_OBJC_ROOT_CLASS = YES_ERROR;
				CLANG_WARN_QUOTED_INCLUDE_IN_FRAMEWORK_HEADER = YES;
				CLANG_WARN_RANGE_LOOP_ANALYSIS = YES;
				CLANG_WARN_STRICT_PROTOTYPES = YES;
				CLANG_WARN_SUSPICIOUS_MOVE = YES;
				CLANG_WARN_UNGUARDED_AVAILABILITY = YES_AGGRESSIVE;
				CLANG_WARN_UNREACHABLE_CODE = YES;
				CLANG_WARN__DUPLICATE_METHOD_MATCH = YES;
				COPY_PHASE_STRIP = NO;
				DEBUG_INFORMATION_FORMAT = "dwarf-with-dsym";
				ENABLE_NS_ASSERTIONS = NO;
				ENABLE_STRICT_OBJC_MSGSEND = YES;
				GCC_C_LANGUAGE_STANDARD = gnu11;
				GCC_NO_COMMON_BLOCKS = YES;
				GCC_WARN_64_TO_32_BIT_CONVERSION = YES;
				GCC_WARN_ABOUT_RETURN_TYPE = YES_ERROR;
				GCC_WARN_UNDECLARED_SELECTOR = YES;
				GCC_WARN_UNINITIALIZED_AUTOS = YES_AGGRESSIVE;
				GCC_WARN_UNUSED_FUNCTION = YES;
				GCC_WARN_UNUSED_VARIABLE = YES;
				IPHONEOS_DEPLOYMENT_TARGET = 15.2;
				MTL_ENABLE_DEBUG_INFO = NO;
				MTL_FAST_MATH = YES;
				SDKROOT = iphoneos;
				SWIFT_COMPILATION_MODE = wholemodule;
				SWIFT_OPTIMIZATION_LEVEL = "-O";
				VALIDATE_PRODUCT = YES;
			};
			name = Release;
		};
		F10D098D278B73A700972297 /* Debug */ = {
			isa = XCBuildConfiguration;
			baseConfigurationReference = 950FEA9F8F4D3D0589FAB907 /* Pods-InvokeSoapConnection.debug.xcconfig */;
			buildSettings = {
				ASSETCATALOG_COMPILER_APPICON_NAME = AppIcon;
				ASSETCATALOG_COMPILER_GLOBAL_ACCENT_COLOR_NAME = AccentColor;
				CODE_SIGN_STYLE = Automatic;
				CURRENT_PROJECT_VERSION = 1;
				GENERATE_INFOPLIST_FILE = YES;
				INFOPLIST_FILE = InvokeSoapConnection/Info.plist;
				INFOPLIST_KEY_UIApplicationSupportsIndirectInputEvents = YES;
				INFOPLIST_KEY_UILaunchStoryboardName = LaunchScreen;
				INFOPLIST_KEY_UIMainStoryboardFile = Main;
				INFOPLIST_KEY_UISupportedInterfaceOrientations_iPad = "UIInterfaceOrientationPortrait UIInterfaceOrientationPortraitUpsideDown UIInterfaceOrientationLandscapeLeft UIInterfaceOrientationLandscapeRight";
				INFOPLIST_KEY_UISupportedInterfaceOrientations_iPhone = "UIInterfaceOrientationPortrait UIInterfaceOrientationLandscapeLeft UIInterfaceOrientationLandscapeRight";
				LD_RUNPATH_SEARCH_PATHS = (
					"$(inherited)",
					"@executable_path/Frameworks",
				);
				MARKETING_VERSION = 1.0;
				PRODUCT_BUNDLE_IDENTIFIER = com.skyflow.InvokeSoapConnection;
				PRODUCT_NAME = "$(TARGET_NAME)";
				SWIFT_EMIT_LOC_STRINGS = YES;
				SWIFT_VERSION = 5.0;
				TARGETED_DEVICE_FAMILY = "1,2";
			};
			name = Debug;
		};
		F10D098E278B73A700972297 /* Release */ = {
			isa = XCBuildConfiguration;
			baseConfigurationReference = 9C2F7DDE04A8728A4C7CBE9B /* Pods-InvokeSoapConnection.release.xcconfig */;
			buildSettings = {
				ASSETCATALOG_COMPILER_APPICON_NAME = AppIcon;
				ASSETCATALOG_COMPILER_GLOBAL_ACCENT_COLOR_NAME = AccentColor;
				CODE_SIGN_STYLE = Automatic;
				CURRENT_PROJECT_VERSION = 1;
				GENERATE_INFOPLIST_FILE = YES;
				INFOPLIST_FILE = InvokeSoapConnection/Info.plist;
				INFOPLIST_KEY_UIApplicationSupportsIndirectInputEvents = YES;
				INFOPLIST_KEY_UILaunchStoryboardName = LaunchScreen;
				INFOPLIST_KEY_UIMainStoryboardFile = Main;
				INFOPLIST_KEY_UISupportedInterfaceOrientations_iPad = "UIInterfaceOrientationPortrait UIInterfaceOrientationPortraitUpsideDown UIInterfaceOrientationLandscapeLeft UIInterfaceOrientationLandscapeRight";
				INFOPLIST_KEY_UISupportedInterfaceOrientations_iPhone = "UIInterfaceOrientationPortrait UIInterfaceOrientationLandscapeLeft UIInterfaceOrientationLandscapeRight";
				LD_RUNPATH_SEARCH_PATHS = (
					"$(inherited)",
					"@executable_path/Frameworks",
				);
				MARKETING_VERSION = 1.0;
				PRODUCT_BUNDLE_IDENTIFIER = com.skyflow.InvokeSoapConnection;
				PRODUCT_NAME = "$(TARGET_NAME)";
				SWIFT_EMIT_LOC_STRINGS = YES;
				SWIFT_VERSION = 5.0;
				TARGETED_DEVICE_FAMILY = "1,2";
			};
			name = Release;
		};
/* End XCBuildConfiguration section */

/* Begin XCConfigurationList section */
		F10D0973278B73A000972297 /* Build configuration list for PBXProject "InvokeSoapConnection" */ = {
			isa = XCConfigurationList;
			buildConfigurations = (
				F10D098A278B73A700972297 /* Debug */,
				F10D098B278B73A700972297 /* Release */,
			);
			defaultConfigurationIsVisible = 0;
			defaultConfigurationName = Release;
		};
		F10D098C278B73A700972297 /* Build configuration list for PBXNativeTarget "InvokeSoapConnection" */ = {
			isa = XCConfigurationList;
			buildConfigurations = (
				F10D098D278B73A700972297 /* Debug */,
				F10D098E278B73A700972297 /* Release */,
			);
			defaultConfigurationIsVisible = 0;
			defaultConfigurationName = Release;
		};
/* End XCConfigurationList section */
	};
	rootObject = F10D0970278B73A000972297 /* Project object */;
}
