{
  "pins" : [
    {
      "identity" : "aexml",
      "kind" : "remoteSourceControl",
      "location" : "https://github.com/tadija/AEXML.git",
      "state" : {
        "revision" : "38f7d00b23ecd891e1ee656fa6aeebd6ba04ecc3",
        "version" : "4.6.1"
      }
    },
    {
      "identity" : "skyflow-ios",
      "kind" : "remoteSourceControl",
      "location" : "https://github.com/skyflowapi/skyflow-iOS.git",
      "state" : {
        "branch" : "SK-788-development-get-method-with-options-support-in-i-os-sdk",
        "revision" : "5254e3990d8bd7a3d4ecfb92e98f665a6ab4c312"
      }
    }
  ],
  "version" : 2
}
